// !$*UTF8*$!
{
	archiveVersion = 1;
	classes = {
	};
	objectVersion = 60;
	objects = {

/* Begin PBXBuildFile section */
		FC062FA22B187C18009ECA24 /* Style.swift in Sources */ = {isa = PBXBuildFile; fileRef = FC062FA12B187C18009ECA24 /* Style.swift */; };
		FC0BE6392B1C935E0087EE00 /* AATestApp.swift in Sources */ = {isa = PBXBuildFile; fileRef = FC0BE6382B1C935E0087EE00 /* AATestApp.swift */; };
		FC0BE63B2B1C935E0087EE00 /* ContentView.swift in Sources */ = {isa = PBXBuildFile; fileRef = FC0BE63A2B1C935E0087EE00 /* ContentView.swift */; };
		FC0BE63D2B1C93600087EE00 /* Assets.xcassets in Resources */ = {isa = PBXBuildFile; fileRef = FC0BE63C2B1C93600087EE00 /* Assets.xcassets */; };
		FC0BE6402B1C93600087EE00 /* Preview Assets.xcassets in Resources */ = {isa = PBXBuildFile; fileRef = FC0BE63F2B1C93600087EE00 /* Preview Assets.xcassets */; };
		FC0BE6462B1C95A20087EE00 /* DylKit in Frameworks */ = {isa = PBXBuildFile; productRef = FC0BE6452B1C95A20087EE00 /* DylKit */; };
		FC0CF5962B25593800995F30 /* Armstrong in Frameworks */ = {isa = PBXBuildFile; productRef = FC0CF5952B25593800995F30 /* Armstrong */; };
		FC18BAFD2B177199007838AA /* SetVarStep.swift in Sources */ = {isa = PBXBuildFile; fileRef = FC18BAFC2B177199007838AA /* SetVarStep.swift */; };
		FC20C3B22B3FDAA800F2E2FF /* SimpleAppAppApp.swift in Sources */ = {isa = PBXBuildFile; fileRef = FC20C3B12B3FDAA800F2E2FF /* SimpleAppAppApp.swift */; };
		FC20C3B42B3FDAA800F2E2FF /* ContentView.swift in Sources */ = {isa = PBXBuildFile; fileRef = FC20C3B32B3FDAA800F2E2FF /* ContentView.swift */; };
		FC20C3B62B3FDAAA00F2E2FF /* Assets.xcassets in Resources */ = {isa = PBXBuildFile; fileRef = FC20C3B52B3FDAAA00F2E2FF /* Assets.xcassets */; };
		FC20C3B92B3FDAAA00F2E2FF /* Preview Assets.xcassets in Resources */ = {isa = PBXBuildFile; fileRef = FC20C3B82B3FDAAA00F2E2FF /* Preview Assets.xcassets */; };
		FC20C3BE2B3FDBA900F2E2FF /* Armstrong in Frameworks */ = {isa = PBXBuildFile; productRef = FC20C3BD2B3FDBA900F2E2FF /* Armstrong */; };
		FC20C3C02B3FDBA900F2E2FF /* DylKit in Frameworks */ = {isa = PBXBuildFile; productRef = FC20C3BF2B3FDBA900F2E2FF /* DylKit */; };
		FC20C3C22B3FF1AD00F2E2FF /* Alexandria in Frameworks */ = {isa = PBXBuildFile; productRef = FC20C3C12B3FF1AD00F2E2FF /* Alexandria */; };
		FC57898C2B302736006D6D37 /* Settings.bundle in Resources */ = {isa = PBXBuildFile; fileRef = FC57898B2B302736006D6D37 /* Settings.bundle */; };
		FC57898F2B302966006D6D37 /* Greg in Frameworks */ = {isa = PBXBuildFile; productRef = FC57898E2B302966006D6D37 /* Greg */; };
		FCA175E42B256D42002AC37B /* Alexandria in Frameworks */ = {isa = PBXBuildFile; productRef = FCA175E32B256D42002AC37B /* Alexandria */; };
		FCD1A4FA2B35401800E91BD7 /* WidgetKit.framework in Frameworks */ = {isa = PBXBuildFile; fileRef = FCD1A4F92B35401800E91BD7 /* WidgetKit.framework */; };
		FCD1A4FC2B35401800E91BD7 /* SwiftUI.framework in Frameworks */ = {isa = PBXBuildFile; fileRef = FCD1A4FB2B35401800E91BD7 /* SwiftUI.framework */; };
		FCD1A4FF2B35401800E91BD7 /* AppAppWidgetsBundle.swift in Sources */ = {isa = PBXBuildFile; fileRef = FCD1A4FE2B35401800E91BD7 /* AppAppWidgetsBundle.swift */; };
		FCD1A5012B35401800E91BD7 /* AppAppWidgets.swift in Sources */ = {isa = PBXBuildFile; fileRef = FCD1A5002B35401800E91BD7 /* AppAppWidgets.swift */; };
		FCD1A5052B35401B00E91BD7 /* Assets.xcassets in Resources */ = {isa = PBXBuildFile; fileRef = FCD1A5042B35401B00E91BD7 /* Assets.xcassets */; };
		FCD1A5092B35401B00E91BD7 /* AppAppWidgetsExtension.appex in Embed Foundation Extensions */ = {isa = PBXBuildFile; fileRef = FCD1A4F82B35401800E91BD7 /* AppAppWidgetsExtension.appex */; platformFilter = ios; settings = {ATTRIBUTES = (RemoveHeadersOnCopy, ); }; };
		FCD1A50F2B35444100E91BD7 /* Intents.intentdefinition in Sources */ = {isa = PBXBuildFile; fileRef = FCD1A50E2B35444100E91BD7 /* Intents.intentdefinition */; };
		FCD1A5102B3545BE00E91BD7 /* Intents.intentdefinition in Sources */ = {isa = PBXBuildFile; fileRef = FCD1A50E2B35444100E91BD7 /* Intents.intentdefinition */; };
		FCD1A5122B354CB200E91BD7 /* AppAppKit in Frameworks */ = {isa = PBXBuildFile; productRef = FCD1A5112B354CB200E91BD7 /* AppAppKit */; };
		FCD1A5142B354CEE00E91BD7 /* AppAppKit in Frameworks */ = {isa = PBXBuildFile; productRef = FCD1A5132B354CEE00E91BD7 /* AppAppKit */; };
		FCD1A5162B354CF700E91BD7 /* Armstrong in Frameworks */ = {isa = PBXBuildFile; productRef = FCD1A5152B354CF700E91BD7 /* Armstrong */; };
		FCD3B1E92B0B584B0054371B /* AppAppApp.swift in Sources */ = {isa = PBXBuildFile; fileRef = FCD3B1E82B0B584B0054371B /* AppAppApp.swift */; };
		FCD3B1ED2B0B584D0054371B /* Assets.xcassets in Resources */ = {isa = PBXBuildFile; fileRef = FCD3B1EC2B0B584D0054371B /* Assets.xcassets */; };
		FCD3B1F12B0B584D0054371B /* Preview Assets.xcassets in Resources */ = {isa = PBXBuildFile; fileRef = FCD3B1F02B0B584D0054371B /* Preview Assets.xcassets */; };
		FCD3B1FB2B0B584E0054371B /* AppAppTests.swift in Sources */ = {isa = PBXBuildFile; fileRef = FCD3B1FA2B0B584E0054371B /* AppAppTests.swift */; };
		FCD3B2052B0B584E0054371B /* AppAppUITests.swift in Sources */ = {isa = PBXBuildFile; fileRef = FCD3B2042B0B584E0054371B /* AppAppUITests.swift */; };
		FCD3B2072B0B584E0054371B /* AppAppUITestsLaunchTests.swift in Sources */ = {isa = PBXBuildFile; fileRef = FCD3B2062B0B584E0054371B /* AppAppUITestsLaunchTests.swift */; };
		FCD3B21C2B0B639F0054371B /* StepButton.swift in Sources */ = {isa = PBXBuildFile; fileRef = FCD3B21B2B0B639F0054371B /* StepButton.swift */; };
		FCD3B21F2B0B67060054371B /* DylKit in Frameworks */ = {isa = PBXBuildFile; productRef = FCD3B21E2B0B67060054371B /* DylKit */; };
		FCD3B25B2B0C96170054371B /* DoView.swift in Sources */ = {isa = PBXBuildFile; fileRef = FCD3B25A2B0C96170054371B /* DoView.swift */; };
/* End PBXBuildFile section */

/* Begin PBXContainerItemProxy section */
		FCD1A5072B35401B00E91BD7 /* PBXContainerItemProxy */ = {
			isa = PBXContainerItemProxy;
			containerPortal = FCD3B1DD2B0B584B0054371B /* Project object */;
			proxyType = 1;
			remoteGlobalIDString = FCD1A4F72B35401800E91BD7;
			remoteInfo = AppAppWidgetsExtension;
		};
		FCD3B1F72B0B584E0054371B /* PBXContainerItemProxy */ = {
			isa = PBXContainerItemProxy;
			containerPortal = FCD3B1DD2B0B584B0054371B /* Project object */;
			proxyType = 1;
			remoteGlobalIDString = FCD3B1E42B0B584B0054371B;
			remoteInfo = AppApp;
		};
		FCD3B2012B0B584E0054371B /* PBXContainerItemProxy */ = {
			isa = PBXContainerItemProxy;
			containerPortal = FCD3B1DD2B0B584B0054371B /* Project object */;
			proxyType = 1;
			remoteGlobalIDString = FCD3B1E42B0B584B0054371B;
			remoteInfo = AppApp;
		};
/* End PBXContainerItemProxy section */

/* Begin PBXCopyFilesBuildPhase section */
		FCD1A50D2B35401B00E91BD7 /* Embed Foundation Extensions */ = {
			isa = PBXCopyFilesBuildPhase;
			buildActionMask = 2147483647;
			dstPath = "";
			dstSubfolderSpec = 13;
			files = (
				FCD1A5092B35401B00E91BD7 /* AppAppWidgetsExtension.appex in Embed Foundation Extensions */,
			);
			name = "Embed Foundation Extensions";
			runOnlyForDeploymentPostprocessing = 0;
		};
/* End PBXCopyFilesBuildPhase section */

/* Begin PBXFileReference section */
		FC062FA12B187C18009ECA24 /* Style.swift */ = {isa = PBXFileReference; lastKnownFileType = sourcecode.swift; path = Style.swift; sourceTree = "<group>"; };
		FC0BE6362B1C935E0087EE00 /* AATest.app */ = {isa = PBXFileReference; explicitFileType = wrapper.application; includeInIndex = 0; path = AATest.app; sourceTree = BUILT_PRODUCTS_DIR; };
		FC0BE6382B1C935E0087EE00 /* AATestApp.swift */ = {isa = PBXFileReference; lastKnownFileType = sourcecode.swift; path = AATestApp.swift; sourceTree = "<group>"; };
		FC0BE63A2B1C935E0087EE00 /* ContentView.swift */ = {isa = PBXFileReference; lastKnownFileType = sourcecode.swift; path = ContentView.swift; sourceTree = "<group>"; };
		FC0BE63C2B1C93600087EE00 /* Assets.xcassets */ = {isa = PBXFileReference; lastKnownFileType = folder.assetcatalog; path = Assets.xcassets; sourceTree = "<group>"; };
		FC0BE63F2B1C93600087EE00 /* Preview Assets.xcassets */ = {isa = PBXFileReference; lastKnownFileType = folder.assetcatalog; path = "Preview Assets.xcassets"; sourceTree = "<group>"; };
		FC18BAF62B1752C7007838AA /* Info.plist */ = {isa = PBXFileReference; lastKnownFileType = text.plist; path = Info.plist; sourceTree = "<group>"; };
		FC18BAFC2B177199007838AA /* SetVarStep.swift */ = {isa = PBXFileReference; lastKnownFileType = sourcecode.swift; path = SetVarStep.swift; sourceTree = "<group>"; };
		FC20C3AF2B3FDAA800F2E2FF /* SimpleAppApp.app */ = {isa = PBXFileReference; explicitFileType = wrapper.application; includeInIndex = 0; path = SimpleAppApp.app; sourceTree = BUILT_PRODUCTS_DIR; };
		FC20C3B12B3FDAA800F2E2FF /* SimpleAppAppApp.swift */ = {isa = PBXFileReference; lastKnownFileType = sourcecode.swift; path = SimpleAppAppApp.swift; sourceTree = "<group>"; };
		FC20C3B32B3FDAA800F2E2FF /* ContentView.swift */ = {isa = PBXFileReference; lastKnownFileType = sourcecode.swift; path = ContentView.swift; sourceTree = "<group>"; };
		FC20C3B52B3FDAAA00F2E2FF /* Assets.xcassets */ = {isa = PBXFileReference; lastKnownFileType = folder.assetcatalog; path = Assets.xcassets; sourceTree = "<group>"; };
		FC20C3B82B3FDAAA00F2E2FF /* Preview Assets.xcassets */ = {isa = PBXFileReference; lastKnownFileType = folder.assetcatalog; path = "Preview Assets.xcassets"; sourceTree = "<group>"; };
		FC20C3C32B40016400F2E2FF /* Info.plist */ = {isa = PBXFileReference; lastKnownFileType = text.plist; path = Info.plist; sourceTree = "<group>"; };
		FC57898B2B302736006D6D37 /* Settings.bundle */ = {isa = PBXFileReference; lastKnownFileType = "wrapper.plug-in"; path = Settings.bundle; sourceTree = "<group>"; };
		FCD1A4F82B35401800E91BD7 /* AppAppWidgetsExtension.appex */ = {isa = PBXFileReference; explicitFileType = "wrapper.app-extension"; includeInIndex = 0; path = AppAppWidgetsExtension.appex; sourceTree = BUILT_PRODUCTS_DIR; };
		FCD1A4F92B35401800E91BD7 /* WidgetKit.framework */ = {isa = PBXFileReference; lastKnownFileType = wrapper.framework; name = WidgetKit.framework; path = System/Library/Frameworks/WidgetKit.framework; sourceTree = SDKROOT; };
		FCD1A4FB2B35401800E91BD7 /* SwiftUI.framework */ = {isa = PBXFileReference; lastKnownFileType = wrapper.framework; name = SwiftUI.framework; path = System/Library/Frameworks/SwiftUI.framework; sourceTree = SDKROOT; };
		FCD1A4FE2B35401800E91BD7 /* AppAppWidgetsBundle.swift */ = {isa = PBXFileReference; lastKnownFileType = sourcecode.swift; path = AppAppWidgetsBundle.swift; sourceTree = "<group>"; };
		FCD1A5002B35401800E91BD7 /* AppAppWidgets.swift */ = {isa = PBXFileReference; lastKnownFileType = sourcecode.swift; path = AppAppWidgets.swift; sourceTree = "<group>"; };
		FCD1A5042B35401B00E91BD7 /* Assets.xcassets */ = {isa = PBXFileReference; lastKnownFileType = folder.assetcatalog; path = Assets.xcassets; sourceTree = "<group>"; };
		FCD1A5062B35401B00E91BD7 /* Info.plist */ = {isa = PBXFileReference; lastKnownFileType = text.plist.xml; path = Info.plist; sourceTree = "<group>"; };
		FCD1A50E2B35444100E91BD7 /* Intents.intentdefinition */ = {isa = PBXFileReference; lastKnownFileType = file.intentdefinition; path = Intents.intentdefinition; sourceTree = "<group>"; };
		FCD1A5172B354F2900E91BD7 /* AppAppWidgetsExtension.entitlements */ = {isa = PBXFileReference; lastKnownFileType = text.plist.entitlements; path = AppAppWidgetsExtension.entitlements; sourceTree = "<group>"; };
		FCD3B1E52B0B584B0054371B /* AppApp.app */ = {isa = PBXFileReference; explicitFileType = wrapper.application; includeInIndex = 0; path = AppApp.app; sourceTree = BUILT_PRODUCTS_DIR; };
		FCD3B1E82B0B584B0054371B /* AppAppApp.swift */ = {isa = PBXFileReference; lastKnownFileType = sourcecode.swift; path = AppAppApp.swift; sourceTree = "<group>"; };
		FCD3B1EC2B0B584D0054371B /* Assets.xcassets */ = {isa = PBXFileReference; lastKnownFileType = folder.assetcatalog; path = Assets.xcassets; sourceTree = "<group>"; };
		FCD3B1EE2B0B584D0054371B /* AppApp.entitlements */ = {isa = PBXFileReference; lastKnownFileType = text.plist.entitlements; path = AppApp.entitlements; sourceTree = "<group>"; };
		FCD3B1F02B0B584D0054371B /* Preview Assets.xcassets */ = {isa = PBXFileReference; lastKnownFileType = folder.assetcatalog; path = "Preview Assets.xcassets"; sourceTree = "<group>"; };
		FCD3B1F62B0B584E0054371B /* AppAppTests.xctest */ = {isa = PBXFileReference; explicitFileType = wrapper.cfbundle; includeInIndex = 0; path = AppAppTests.xctest; sourceTree = BUILT_PRODUCTS_DIR; };
		FCD3B1FA2B0B584E0054371B /* AppAppTests.swift */ = {isa = PBXFileReference; lastKnownFileType = sourcecode.swift; path = AppAppTests.swift; sourceTree = "<group>"; };
		FCD3B2002B0B584E0054371B /* AppAppUITests.xctest */ = {isa = PBXFileReference; explicitFileType = wrapper.cfbundle; includeInIndex = 0; path = AppAppUITests.xctest; sourceTree = BUILT_PRODUCTS_DIR; };
		FCD3B2042B0B584E0054371B /* AppAppUITests.swift */ = {isa = PBXFileReference; lastKnownFileType = sourcecode.swift; path = AppAppUITests.swift; sourceTree = "<group>"; };
		FCD3B2062B0B584E0054371B /* AppAppUITestsLaunchTests.swift */ = {isa = PBXFileReference; lastKnownFileType = sourcecode.swift; path = AppAppUITestsLaunchTests.swift; sourceTree = "<group>"; };
		FCD3B21B2B0B639F0054371B /* StepButton.swift */ = {isa = PBXFileReference; lastKnownFileType = sourcecode.swift; path = StepButton.swift; sourceTree = "<group>"; };
		FCD3B25A2B0C96170054371B /* DoView.swift */ = {isa = PBXFileReference; lastKnownFileType = sourcecode.swift; path = DoView.swift; sourceTree = "<group>"; };
/* End PBXFileReference section */

/* Begin PBXFrameworksBuildPhase section */
		FC0BE6332B1C935E0087EE00 /* Frameworks */ = {
			isa = PBXFrameworksBuildPhase;
			buildActionMask = 2147483647;
			files = (
				FC0BE6462B1C95A20087EE00 /* DylKit in Frameworks */,
			);
			runOnlyForDeploymentPostprocessing = 0;
		};
		FC20C3AC2B3FDAA800F2E2FF /* Frameworks */ = {
			isa = PBXFrameworksBuildPhase;
			buildActionMask = 2147483647;
			files = (
				FC20C3BE2B3FDBA900F2E2FF /* Armstrong in Frameworks */,
				FC20C3C02B3FDBA900F2E2FF /* DylKit in Frameworks */,
				FC20C3C22B3FF1AD00F2E2FF /* Alexandria in Frameworks */,
			);
			runOnlyForDeploymentPostprocessing = 0;
		};
		FCD1A4F52B35401800E91BD7 /* Frameworks */ = {
			isa = PBXFrameworksBuildPhase;
			buildActionMask = 2147483647;
			files = (
				FCD1A5142B354CEE00E91BD7 /* AppAppKit in Frameworks */,
				FCD1A4FC2B35401800E91BD7 /* SwiftUI.framework in Frameworks */,
				FCD1A5162B354CF700E91BD7 /* Armstrong in Frameworks */,
				FCD1A4FA2B35401800E91BD7 /* WidgetKit.framework in Frameworks */,
			);
			runOnlyForDeploymentPostprocessing = 0;
		};
		FCD3B1E22B0B584B0054371B /* Frameworks */ = {
			isa = PBXFrameworksBuildPhase;
			buildActionMask = 2147483647;
			files = (
				FC0CF5962B25593800995F30 /* Armstrong in Frameworks */,
				FC57898F2B302966006D6D37 /* Greg in Frameworks */,
				FCD3B21F2B0B67060054371B /* DylKit in Frameworks */,
				FCA175E42B256D42002AC37B /* Alexandria in Frameworks */,
				FCD1A5122B354CB200E91BD7 /* AppAppKit in Frameworks */,
			);
			runOnlyForDeploymentPostprocessing = 0;
		};
		FCD3B1F32B0B584E0054371B /* Frameworks */ = {
			isa = PBXFrameworksBuildPhase;
			buildActionMask = 2147483647;
			files = (
			);
			runOnlyForDeploymentPostprocessing = 0;
		};
		FCD3B1FD2B0B584E0054371B /* Frameworks */ = {
			isa = PBXFrameworksBuildPhase;
			buildActionMask = 2147483647;
			files = (
			);
			runOnlyForDeploymentPostprocessing = 0;
		};
/* End PBXFrameworksBuildPhase section */

/* Begin PBXGroup section */
		FC0BE6372B1C935E0087EE00 /* AATest */ = {
			isa = PBXGroup;
			children = (
				FC0BE6382B1C935E0087EE00 /* AATestApp.swift */,
				FC0BE63A2B1C935E0087EE00 /* ContentView.swift */,
				FC0BE63C2B1C93600087EE00 /* Assets.xcassets */,
				FC0BE63E2B1C93600087EE00 /* Preview Content */,
			);
			path = AATest;
			sourceTree = "<group>";
		};
		FC0BE63E2B1C93600087EE00 /* Preview Content */ = {
			isa = PBXGroup;
			children = (
				FC0BE63F2B1C93600087EE00 /* Preview Assets.xcassets */,
			);
			path = "Preview Content";
			sourceTree = "<group>";
		};
		FC0BE6442B1C95A20087EE00 /* Frameworks */ = {
			isa = PBXGroup;
			children = (
				FCD1A4F92B35401800E91BD7 /* WidgetKit.framework */,
				FCD1A4FB2B35401800E91BD7 /* SwiftUI.framework */,
			);
			name = Frameworks;
			sourceTree = "<group>";
		};
		FC18BAFB2B177190007838AA /* Steps */ = {
			isa = PBXGroup;
			children = (
				FC18BAFC2B177199007838AA /* SetVarStep.swift */,
			);
			path = Steps;
			sourceTree = "<group>";
		};
		FC20C3B02B3FDAA800F2E2FF /* SimpleAppApp */ = {
			isa = PBXGroup;
			children = (
				FC20C3C32B40016400F2E2FF /* Info.plist */,
				FC20C3B12B3FDAA800F2E2FF /* SimpleAppAppApp.swift */,
				FC20C3B32B3FDAA800F2E2FF /* ContentView.swift */,
				FC20C3B52B3FDAAA00F2E2FF /* Assets.xcassets */,
				FC20C3B72B3FDAAA00F2E2FF /* Preview Content */,
			);
			path = SimpleAppApp;
			sourceTree = "<group>";
		};
		FC20C3B72B3FDAAA00F2E2FF /* Preview Content */ = {
			isa = PBXGroup;
			children = (
				FC20C3B82B3FDAAA00F2E2FF /* Preview Assets.xcassets */,
			);
			path = "Preview Content";
			sourceTree = "<group>";
		};
		FCA175E72B25A415002AC37B /* Screens */ = {
			isa = PBXGroup;
			children = (
				FCA175E82B25A44B002AC37B /* Screen List */,
			);
			path = Screens;
			sourceTree = "<group>";
		};
		FCA175E82B25A44B002AC37B /* Screen List */ = {
			isa = PBXGroup;
			children = (
			);
			path = "Screen List";
			sourceTree = "<group>";
		};
		FCD1A4FD2B35401800E91BD7 /* AppAppWidgets */ = {
			isa = PBXGroup;
			children = (
				FCD1A4FE2B35401800E91BD7 /* AppAppWidgetsBundle.swift */,
				FCD1A5172B354F2900E91BD7 /* AppAppWidgetsExtension.entitlements */,
				FCD1A5002B35401800E91BD7 /* AppAppWidgets.swift */,
				FCD1A50E2B35444100E91BD7 /* Intents.intentdefinition */,
				FCD1A5042B35401B00E91BD7 /* Assets.xcassets */,
				FCD1A5062B35401B00E91BD7 /* Info.plist */,
			);
			path = AppAppWidgets;
			sourceTree = "<group>";
		};
		FCD3B1DC2B0B584B0054371B = {
			isa = PBXGroup;
			children = (
				FCD3B1E72B0B584B0054371B /* AppApp */,
				FCD3B1F92B0B584E0054371B /* AppAppTests */,
				FCD3B2032B0B584E0054371B /* AppAppUITests */,
				FC0BE6372B1C935E0087EE00 /* AATest */,
				FCD1A4FD2B35401800E91BD7 /* AppAppWidgets */,
				FC20C3B02B3FDAA800F2E2FF /* SimpleAppApp */,
				FCD3B1E62B0B584B0054371B /* Products */,
				FC0BE6442B1C95A20087EE00 /* Frameworks */,
			);
			sourceTree = "<group>";
		};
		FCD3B1E62B0B584B0054371B /* Products */ = {
			isa = PBXGroup;
			children = (
				FCD3B1E52B0B584B0054371B /* AppApp.app */,
				FCD3B1F62B0B584E0054371B /* AppAppTests.xctest */,
				FCD3B2002B0B584E0054371B /* AppAppUITests.xctest */,
				FC0BE6362B1C935E0087EE00 /* AATest.app */,
				FCD1A4F82B35401800E91BD7 /* AppAppWidgetsExtension.appex */,
				FC20C3AF2B3FDAA800F2E2FF /* SimpleAppApp.app */,
			);
			name = Products;
			sourceTree = "<group>";
		};
		FCD3B1E72B0B584B0054371B /* AppApp */ = {
			isa = PBXGroup;
			children = (
				FC57898B2B302736006D6D37 /* Settings.bundle */,
				FC18BAF62B1752C7007838AA /* Info.plist */,
				FCD3B1E82B0B584B0054371B /* AppAppApp.swift */,
				FC062FA12B187C18009ECA24 /* Style.swift */,
				FCA175E72B25A415002AC37B /* Screens */,
				FCD3B2582B0C960D0054371B /* Helpers */,
				FCD3B1EC2B0B584D0054371B /* Assets.xcassets */,
				FCD3B1EE2B0B584D0054371B /* AppApp.entitlements */,
				FCD3B1EF2B0B584D0054371B /* Preview Content */,
			);
			path = AppApp;
			sourceTree = "<group>";
		};
		FCD3B1EF2B0B584D0054371B /* Preview Content */ = {
			isa = PBXGroup;
			children = (
				FCD3B1F02B0B584D0054371B /* Preview Assets.xcassets */,
			);
			path = "Preview Content";
			sourceTree = "<group>";
		};
		FCD3B1F92B0B584E0054371B /* AppAppTests */ = {
			isa = PBXGroup;
			children = (
				FCD3B1FA2B0B584E0054371B /* AppAppTests.swift */,
				FC18BAFB2B177190007838AA /* Steps */,
			);
			path = AppAppTests;
			sourceTree = "<group>";
		};
		FCD3B2032B0B584E0054371B /* AppAppUITests */ = {
			isa = PBXGroup;
			children = (
				FCD3B2042B0B584E0054371B /* AppAppUITests.swift */,
				FCD3B2062B0B584E0054371B /* AppAppUITestsLaunchTests.swift */,
			);
			path = AppAppUITests;
			sourceTree = "<group>";
		};
		FCD3B2402B0BB32E0054371B /* Extensions */ = {
			isa = PBXGroup;
			children = (
			);
			path = Extensions;
			sourceTree = "<group>";
		};
		FCD3B2582B0C960D0054371B /* Helpers */ = {
			isa = PBXGroup;
			children = (
				FCD3B2402B0BB32E0054371B /* Extensions */,
				FCD3B2592B0C96110054371B /* Views */,
			);
			path = Helpers;
			sourceTree = "<group>";
		};
		FCD3B2592B0C96110054371B /* Views */ = {
			isa = PBXGroup;
			children = (
				FCD3B25A2B0C96170054371B /* DoView.swift */,
				FCD3B21B2B0B639F0054371B /* StepButton.swift */,
			);
			path = Views;
			sourceTree = "<group>";
		};
/* End PBXGroup section */

/* Begin PBXNativeTarget section */
		FC0BE6352B1C935E0087EE00 /* AATest */ = {
			isa = PBXNativeTarget;
			buildConfigurationList = FC0BE6412B1C93600087EE00 /* Build configuration list for PBXNativeTarget "AATest" */;
			buildPhases = (
				FC0BE6322B1C935E0087EE00 /* Sources */,
				FC0BE6332B1C935E0087EE00 /* Frameworks */,
				FC0BE6342B1C935E0087EE00 /* Resources */,
			);
			buildRules = (
			);
			dependencies = (
			);
			name = AATest;
			packageProductDependencies = (
				FC0BE6452B1C95A20087EE00 /* DylKit */,
			);
			productName = AATest;
			productReference = FC0BE6362B1C935E0087EE00 /* AATest.app */;
			productType = "com.apple.product-type.application";
		};
		FC20C3AE2B3FDAA800F2E2FF /* SimpleAppApp */ = {
			isa = PBXNativeTarget;
			buildConfigurationList = FC20C3BA2B3FDAAA00F2E2FF /* Build configuration list for PBXNativeTarget "SimpleAppApp" */;
			buildPhases = (
				FC20C3AB2B3FDAA800F2E2FF /* Sources */,
				FC20C3AC2B3FDAA800F2E2FF /* Frameworks */,
				FC20C3AD2B3FDAA800F2E2FF /* Resources */,
			);
			buildRules = (
			);
			dependencies = (
			);
			name = SimpleAppApp;
			packageProductDependencies = (
				FC20C3BD2B3FDBA900F2E2FF /* Armstrong */,
				FC20C3BF2B3FDBA900F2E2FF /* DylKit */,
				FC20C3C12B3FF1AD00F2E2FF /* Alexandria */,
			);
			productName = SimpleAppApp;
			productReference = FC20C3AF2B3FDAA800F2E2FF /* SimpleAppApp.app */;
			productType = "com.apple.product-type.application";
		};
		FCD1A4F72B35401800E91BD7 /* AppAppWidgetsExtension */ = {
			isa = PBXNativeTarget;
			buildConfigurationList = FCD1A50A2B35401B00E91BD7 /* Build configuration list for PBXNativeTarget "AppAppWidgetsExtension" */;
			buildPhases = (
				FCD1A4F42B35401800E91BD7 /* Sources */,
				FCD1A4F52B35401800E91BD7 /* Frameworks */,
				FCD1A4F62B35401800E91BD7 /* Resources */,
			);
			buildRules = (
			);
			dependencies = (
			);
			name = AppAppWidgetsExtension;
			packageProductDependencies = (
				FCD1A5132B354CEE00E91BD7 /* AppAppKit */,
				FCD1A5152B354CF700E91BD7 /* Armstrong */,
			);
			productName = AppAppWidgetsExtension;
			productReference = FCD1A4F82B35401800E91BD7 /* AppAppWidgetsExtension.appex */;
			productType = "com.apple.product-type.app-extension";
		};
		FCD3B1E42B0B584B0054371B /* AppApp */ = {
			isa = PBXNativeTarget;
			buildConfigurationList = FCD3B20A2B0B584E0054371B /* Build configuration list for PBXNativeTarget "AppApp" */;
			buildPhases = (
				FCD3B1E12B0B584B0054371B /* Sources */,
				FCD3B1E22B0B584B0054371B /* Frameworks */,
				FCD3B1E32B0B584B0054371B /* Resources */,
				FCD1A50D2B35401B00E91BD7 /* Embed Foundation Extensions */,
			);
			buildRules = (
			);
			dependencies = (
				FCA175E62B256DC2002AC37B /* PBXTargetDependency */,
				FC8CF6692B255A7A007E3793 /* PBXTargetDependency */,
				FC8CF66B2B255A7A007E3793 /* PBXTargetDependency */,
				FCD1A5082B35401B00E91BD7 /* PBXTargetDependency */,
			);
			name = AppApp;
			packageProductDependencies = (
				FCD3B21E2B0B67060054371B /* DylKit */,
				FC0CF5952B25593800995F30 /* Armstrong */,
				FCA175E32B256D42002AC37B /* Alexandria */,
				FC57898E2B302966006D6D37 /* Greg */,
				FCD1A5112B354CB200E91BD7 /* AppAppKit */,
			);
			productName = AppApp;
			productReference = FCD3B1E52B0B584B0054371B /* AppApp.app */;
			productType = "com.apple.product-type.application";
		};
		FCD3B1F52B0B584E0054371B /* AppAppTests */ = {
			isa = PBXNativeTarget;
			buildConfigurationList = FCD3B20D2B0B584E0054371B /* Build configuration list for PBXNativeTarget "AppAppTests" */;
			buildPhases = (
				FCD3B1F22B0B584E0054371B /* Sources */,
				FCD3B1F32B0B584E0054371B /* Frameworks */,
				FCD3B1F42B0B584E0054371B /* Resources */,
			);
			buildRules = (
			);
			dependencies = (
				FCD3B1F82B0B584E0054371B /* PBXTargetDependency */,
			);
			name = AppAppTests;
			productName = AppAppTests;
			productReference = FCD3B1F62B0B584E0054371B /* AppAppTests.xctest */;
			productType = "com.apple.product-type.bundle.unit-test";
		};
		FCD3B1FF2B0B584E0054371B /* AppAppUITests */ = {
			isa = PBXNativeTarget;
			buildConfigurationList = FCD3B2102B0B584E0054371B /* Build configuration list for PBXNativeTarget "AppAppUITests" */;
			buildPhases = (
				FCD3B1FC2B0B584E0054371B /* Sources */,
				FCD3B1FD2B0B584E0054371B /* Frameworks */,
				FCD3B1FE2B0B584E0054371B /* Resources */,
			);
			buildRules = (
			);
			dependencies = (
				FCD3B2022B0B584E0054371B /* PBXTargetDependency */,
			);
			name = AppAppUITests;
			productName = AppAppUITests;
			productReference = FCD3B2002B0B584E0054371B /* AppAppUITests.xctest */;
			productType = "com.apple.product-type.bundle.ui-testing";
		};
/* End PBXNativeTarget section */

/* Begin PBXProject section */
		FCD3B1DD2B0B584B0054371B /* Project object */ = {
			isa = PBXProject;
			attributes = {
				BuildIndependentTargetsInParallel = 1;
				LastSwiftUpdateCheck = 1500;
				LastUpgradeCheck = 1500;
				TargetAttributes = {
					FC0BE6352B1C935E0087EE00 = {
						CreatedOnToolsVersion = 15.0.1;
					};
					FC20C3AE2B3FDAA800F2E2FF = {
						CreatedOnToolsVersion = 15.0.1;
					};
					FCD1A4F72B35401800E91BD7 = {
						CreatedOnToolsVersion = 15.0.1;
					};
					FCD3B1E42B0B584B0054371B = {
						CreatedOnToolsVersion = 15.0.1;
					};
					FCD3B1F52B0B584E0054371B = {
						CreatedOnToolsVersion = 15.0.1;
						TestTargetID = FCD3B1E42B0B584B0054371B;
					};
					FCD3B1FF2B0B584E0054371B = {
						CreatedOnToolsVersion = 15.0.1;
						TestTargetID = FCD3B1E42B0B584B0054371B;
					};
				};
			};
			buildConfigurationList = FCD3B1E02B0B584B0054371B /* Build configuration list for PBXProject "AppApp" */;
			compatibilityVersion = "Xcode 14.0";
			developmentRegion = en;
			hasScannedForEncodings = 0;
			knownRegions = (
				en,
				Base,
			);
			mainGroup = FCD3B1DC2B0B584B0054371B;
			packageReferences = (
				FCD3B21D2B0B67060054371B /* XCLocalSwiftPackageReference "../DylKit" */,
				FC0CF5942B25593800995F30 /* XCLocalSwiftPackageReference "../Armstrong" */,
				FCA175E22B256D42002AC37B /* XCLocalSwiftPackageReference "../Alexandria" */,
				FC57898D2B302966006D6D37 /* XCLocalSwiftPackageReference "../Greg" */,
			);
			productRefGroup = FCD3B1E62B0B584B0054371B /* Products */;
			projectDirPath = "";
			projectRoot = "";
			targets = (
				FCD3B1E42B0B584B0054371B /* AppApp */,
				FCD3B1F52B0B584E0054371B /* AppAppTests */,
				FCD3B1FF2B0B584E0054371B /* AppAppUITests */,
				FC0BE6352B1C935E0087EE00 /* AATest */,
				FCD1A4F72B35401800E91BD7 /* AppAppWidgetsExtension */,
				FC20C3AE2B3FDAA800F2E2FF /* SimpleAppApp */,
			);
		};
/* End PBXProject section */

/* Begin PBXResourcesBuildPhase section */
		FC0BE6342B1C935E0087EE00 /* Resources */ = {
			isa = PBXResourcesBuildPhase;
			buildActionMask = 2147483647;
			files = (
				FC0BE6402B1C93600087EE00 /* Preview Assets.xcassets in Resources */,
				FC0BE63D2B1C93600087EE00 /* Assets.xcassets in Resources */,
			);
			runOnlyForDeploymentPostprocessing = 0;
		};
		FC20C3AD2B3FDAA800F2E2FF /* Resources */ = {
			isa = PBXResourcesBuildPhase;
			buildActionMask = 2147483647;
			files = (
				FC20C3B92B3FDAAA00F2E2FF /* Preview Assets.xcassets in Resources */,
				FC20C3B62B3FDAAA00F2E2FF /* Assets.xcassets in Resources */,
			);
			runOnlyForDeploymentPostprocessing = 0;
		};
		FCD1A4F62B35401800E91BD7 /* Resources */ = {
			isa = PBXResourcesBuildPhase;
			buildActionMask = 2147483647;
			files = (
				FCD1A5052B35401B00E91BD7 /* Assets.xcassets in Resources */,
			);
			runOnlyForDeploymentPostprocessing = 0;
		};
		FCD3B1E32B0B584B0054371B /* Resources */ = {
			isa = PBXResourcesBuildPhase;
			buildActionMask = 2147483647;
			files = (
				FCD3B1F12B0B584D0054371B /* Preview Assets.xcassets in Resources */,
				FC57898C2B302736006D6D37 /* Settings.bundle in Resources */,
				FCD3B1ED2B0B584D0054371B /* Assets.xcassets in Resources */,
			);
			runOnlyForDeploymentPostprocessing = 0;
		};
		FCD3B1F42B0B584E0054371B /* Resources */ = {
			isa = PBXResourcesBuildPhase;
			buildActionMask = 2147483647;
			files = (
			);
			runOnlyForDeploymentPostprocessing = 0;
		};
		FCD3B1FE2B0B584E0054371B /* Resources */ = {
			isa = PBXResourcesBuildPhase;
			buildActionMask = 2147483647;
			files = (
			);
			runOnlyForDeploymentPostprocessing = 0;
		};
/* End PBXResourcesBuildPhase section */

/* Begin PBXSourcesBuildPhase section */
		FC0BE6322B1C935E0087EE00 /* Sources */ = {
			isa = PBXSourcesBuildPhase;
			buildActionMask = 2147483647;
			files = (
				FC0BE63B2B1C935E0087EE00 /* ContentView.swift in Sources */,
				FC0BE6392B1C935E0087EE00 /* AATestApp.swift in Sources */,
			);
			runOnlyForDeploymentPostprocessing = 0;
		};
		FC20C3AB2B3FDAA800F2E2FF /* Sources */ = {
			isa = PBXSourcesBuildPhase;
			buildActionMask = 2147483647;
			files = (
				FC20C3B42B3FDAA800F2E2FF /* ContentView.swift in Sources */,
				FC20C3B22B3FDAA800F2E2FF /* SimpleAppAppApp.swift in Sources */,
			);
			runOnlyForDeploymentPostprocessing = 0;
		};
		FCD1A4F42B35401800E91BD7 /* Sources */ = {
			isa = PBXSourcesBuildPhase;
			buildActionMask = 2147483647;
			files = (
				FCD1A5102B3545BE00E91BD7 /* Intents.intentdefinition in Sources */,
				FCD1A4FF2B35401800E91BD7 /* AppAppWidgetsBundle.swift in Sources */,
				FCD1A5012B35401800E91BD7 /* AppAppWidgets.swift in Sources */,
			);
			runOnlyForDeploymentPostprocessing = 0;
		};
		FCD3B1E12B0B584B0054371B /* Sources */ = {
			isa = PBXSourcesBuildPhase;
			buildActionMask = 2147483647;
			files = (
				FCD1A50F2B35444100E91BD7 /* Intents.intentdefinition in Sources */,
				FCD3B25B2B0C96170054371B /* DoView.swift in Sources */,
				FCD3B21C2B0B639F0054371B /* StepButton.swift in Sources */,
				FC062FA22B187C18009ECA24 /* Style.swift in Sources */,
				FCD3B1E92B0B584B0054371B /* AppAppApp.swift in Sources */,
			);
			runOnlyForDeploymentPostprocessing = 0;
		};
		FCD3B1F22B0B584E0054371B /* Sources */ = {
			isa = PBXSourcesBuildPhase;
			buildActionMask = 2147483647;
			files = (
				FCD3B1FB2B0B584E0054371B /* AppAppTests.swift in Sources */,
				FC18BAFD2B177199007838AA /* SetVarStep.swift in Sources */,
			);
			runOnlyForDeploymentPostprocessing = 0;
		};
		FCD3B1FC2B0B584E0054371B /* Sources */ = {
			isa = PBXSourcesBuildPhase;
			buildActionMask = 2147483647;
			files = (
				FCD3B2072B0B584E0054371B /* AppAppUITestsLaunchTests.swift in Sources */,
				FCD3B2052B0B584E0054371B /* AppAppUITests.swift in Sources */,
			);
			runOnlyForDeploymentPostprocessing = 0;
		};
/* End PBXSourcesBuildPhase section */

/* Begin PBXTargetDependency section */
		FC8CF6692B255A7A007E3793 /* PBXTargetDependency */ = {
			isa = PBXTargetDependency;
			productRef = FC8CF6682B255A7A007E3793 /* DylKit */;
		};
		FC8CF66B2B255A7A007E3793 /* PBXTargetDependency */ = {
			isa = PBXTargetDependency;
			productRef = FC8CF66A2B255A7A007E3793 /* Armstrong */;
		};
		FCA175E62B256DC2002AC37B /* PBXTargetDependency */ = {
			isa = PBXTargetDependency;
			productRef = FCA175E52B256DC2002AC37B /* Alexandria */;
		};
		FCD1A5082B35401B00E91BD7 /* PBXTargetDependency */ = {
			isa = PBXTargetDependency;
			platformFilter = ios;
			target = FCD1A4F72B35401800E91BD7 /* AppAppWidgetsExtension */;
			targetProxy = FCD1A5072B35401B00E91BD7 /* PBXContainerItemProxy */;
		};
		FCD3B1F82B0B584E0054371B /* PBXTargetDependency */ = {
			isa = PBXTargetDependency;
			target = FCD3B1E42B0B584B0054371B /* AppApp */;
			targetProxy = FCD3B1F72B0B584E0054371B /* PBXContainerItemProxy */;
		};
		FCD3B2022B0B584E0054371B /* PBXTargetDependency */ = {
			isa = PBXTargetDependency;
			target = FCD3B1E42B0B584B0054371B /* AppApp */;
			targetProxy = FCD3B2012B0B584E0054371B /* PBXContainerItemProxy */;
		};
/* End PBXTargetDependency section */

/* Begin XCBuildConfiguration section */
		FC0BE6422B1C93600087EE00 /* Debug */ = {
			isa = XCBuildConfiguration;
			buildSettings = {
				ASSETCATALOG_COMPILER_APPICON_NAME = AppIcon;
				ASSETCATALOG_COMPILER_GLOBAL_ACCENT_COLOR_NAME = AccentColor;
				CODE_SIGN_STYLE = Automatic;
				CURRENT_PROJECT_VERSION = 1;
				DEVELOPMENT_ASSET_PATHS = "\"AATest/Preview Content\"";
				DEVELOPMENT_TEAM = 6CW3378X23;
				ENABLE_PREVIEWS = YES;
				ENABLE_USER_SCRIPT_SANDBOXING = YES;
				GENERATE_INFOPLIST_FILE = YES;
				INFOPLIST_KEY_UIApplicationSceneManifest_Generation = YES;
				INFOPLIST_KEY_UIApplicationSupportsIndirectInputEvents = YES;
				INFOPLIST_KEY_UILaunchScreen_Generation = YES;
				INFOPLIST_KEY_UISupportedInterfaceOrientations_iPad = "UIInterfaceOrientationPortrait UIInterfaceOrientationPortraitUpsideDown UIInterfaceOrientationLandscapeLeft UIInterfaceOrientationLandscapeRight";
				INFOPLIST_KEY_UISupportedInterfaceOrientations_iPhone = "UIInterfaceOrientationPortrait UIInterfaceOrientationLandscapeLeft UIInterfaceOrientationLandscapeRight";
				IPHONEOS_DEPLOYMENT_TARGET = 15.6;
				LD_RUNPATH_SEARCH_PATHS = (
					"$(inherited)",
					"@executable_path/Frameworks",
				);
				MARKETING_VERSION = 1.0;
				PRODUCT_BUNDLE_IDENTIFIER = com.dylan.AATest;
				PRODUCT_NAME = "$(TARGET_NAME)";
				SDKROOT = iphoneos;
				SWIFT_EMIT_LOC_STRINGS = YES;
				SWIFT_VERSION = 5.0;
				TARGETED_DEVICE_FAMILY = "1,2";
			};
			name = Debug;
		};
		FC0BE6432B1C93600087EE00 /* Release */ = {
			isa = XCBuildConfiguration;
			buildSettings = {
				ASSETCATALOG_COMPILER_APPICON_NAME = AppIcon;
				ASSETCATALOG_COMPILER_GLOBAL_ACCENT_COLOR_NAME = AccentColor;
				CODE_SIGN_STYLE = Automatic;
				CURRENT_PROJECT_VERSION = 1;
				DEVELOPMENT_ASSET_PATHS = "\"AATest/Preview Content\"";
				DEVELOPMENT_TEAM = 6CW3378X23;
				ENABLE_PREVIEWS = YES;
				ENABLE_USER_SCRIPT_SANDBOXING = YES;
				GENERATE_INFOPLIST_FILE = YES;
				INFOPLIST_KEY_UIApplicationSceneManifest_Generation = YES;
				INFOPLIST_KEY_UIApplicationSupportsIndirectInputEvents = YES;
				INFOPLIST_KEY_UILaunchScreen_Generation = YES;
				INFOPLIST_KEY_UISupportedInterfaceOrientations_iPad = "UIInterfaceOrientationPortrait UIInterfaceOrientationPortraitUpsideDown UIInterfaceOrientationLandscapeLeft UIInterfaceOrientationLandscapeRight";
				INFOPLIST_KEY_UISupportedInterfaceOrientations_iPhone = "UIInterfaceOrientationPortrait UIInterfaceOrientationLandscapeLeft UIInterfaceOrientationLandscapeRight";
				IPHONEOS_DEPLOYMENT_TARGET = 15.6;
				LD_RUNPATH_SEARCH_PATHS = (
					"$(inherited)",
					"@executable_path/Frameworks",
				);
				MARKETING_VERSION = 1.0;
				PRODUCT_BUNDLE_IDENTIFIER = com.dylan.AATest;
				PRODUCT_NAME = "$(TARGET_NAME)";
				SDKROOT = iphoneos;
				SWIFT_EMIT_LOC_STRINGS = YES;
				SWIFT_VERSION = 5.0;
				TARGETED_DEVICE_FAMILY = "1,2";
				VALIDATE_PRODUCT = YES;
			};
			name = Release;
		};
		FC20C3BB2B3FDAAA00F2E2FF /* Debug */ = {
			isa = XCBuildConfiguration;
			buildSettings = {
				ASSETCATALOG_COMPILER_APPICON_NAME = AppIcon;
				ASSETCATALOG_COMPILER_GLOBAL_ACCENT_COLOR_NAME = AccentColor;
				CODE_SIGN_STYLE = Automatic;
				CURRENT_PROJECT_VERSION = 1;
				DEVELOPMENT_ASSET_PATHS = "\"SimpleAppApp/Preview Content\"";
				DEVELOPMENT_TEAM = 6CW3378X23;
				ENABLE_PREVIEWS = YES;
				ENABLE_USER_SCRIPT_SANDBOXING = YES;
				GENERATE_INFOPLIST_FILE = YES;
				INFOPLIST_FILE = SimpleAppApp/Info.plist;
				INFOPLIST_KEY_UIApplicationSceneManifest_Generation = YES;
				INFOPLIST_KEY_UIApplicationSupportsIndirectInputEvents = YES;
				INFOPLIST_KEY_UILaunchScreen_Generation = YES;
				INFOPLIST_KEY_UISupportedInterfaceOrientations_iPad = "UIInterfaceOrientationPortrait UIInterfaceOrientationPortraitUpsideDown UIInterfaceOrientationLandscapeLeft UIInterfaceOrientationLandscapeRight";
				INFOPLIST_KEY_UISupportedInterfaceOrientations_iPhone = "UIInterfaceOrientationPortrait UIInterfaceOrientationLandscapeLeft UIInterfaceOrientationLandscapeRight";
				IPHONEOS_DEPLOYMENT_TARGET = 15.6;
				LD_RUNPATH_SEARCH_PATHS = (
					"$(inherited)",
					"@executable_path/Frameworks",
				);
				MARKETING_VERSION = 1.0;
				PRODUCT_BUNDLE_IDENTIFIER = com.dylan.SimpleAppApp;
				PRODUCT_NAME = "$(TARGET_NAME)";
				SDKROOT = iphoneos;
				SWIFT_EMIT_LOC_STRINGS = YES;
				SWIFT_VERSION = 5.0;
				TARGETED_DEVICE_FAMILY = "1,2";
			};
			name = Debug;
		};
		FC20C3BC2B3FDAAA00F2E2FF /* Release */ = {
			isa = XCBuildConfiguration;
			buildSettings = {
				ASSETCATALOG_COMPILER_APPICON_NAME = AppIcon;
				ASSETCATALOG_COMPILER_GLOBAL_ACCENT_COLOR_NAME = AccentColor;
				CODE_SIGN_STYLE = Automatic;
				CURRENT_PROJECT_VERSION = 1;
				DEVELOPMENT_ASSET_PATHS = "\"SimpleAppApp/Preview Content\"";
				DEVELOPMENT_TEAM = 6CW3378X23;
				ENABLE_PREVIEWS = YES;
				ENABLE_USER_SCRIPT_SANDBOXING = YES;
				GENERATE_INFOPLIST_FILE = YES;
				INFOPLIST_FILE = SimpleAppApp/Info.plist;
				INFOPLIST_KEY_UIApplicationSceneManifest_Generation = YES;
				INFOPLIST_KEY_UIApplicationSupportsIndirectInputEvents = YES;
				INFOPLIST_KEY_UILaunchScreen_Generation = YES;
				INFOPLIST_KEY_UISupportedInterfaceOrientations_iPad = "UIInterfaceOrientationPortrait UIInterfaceOrientationPortraitUpsideDown UIInterfaceOrientationLandscapeLeft UIInterfaceOrientationLandscapeRight";
				INFOPLIST_KEY_UISupportedInterfaceOrientations_iPhone = "UIInterfaceOrientationPortrait UIInterfaceOrientationLandscapeLeft UIInterfaceOrientationLandscapeRight";
				IPHONEOS_DEPLOYMENT_TARGET = 15.6;
				LD_RUNPATH_SEARCH_PATHS = (
					"$(inherited)",
					"@executable_path/Frameworks",
				);
				MARKETING_VERSION = 1.0;
				PRODUCT_BUNDLE_IDENTIFIER = com.dylan.SimpleAppApp;
				PRODUCT_NAME = "$(TARGET_NAME)";
				SDKROOT = iphoneos;
				SWIFT_EMIT_LOC_STRINGS = YES;
				SWIFT_VERSION = 5.0;
				TARGETED_DEVICE_FAMILY = "1,2";
				VALIDATE_PRODUCT = YES;
			};
			name = Release;
		};
		FCD1A50B2B35401B00E91BD7 /* Debug */ = {
			isa = XCBuildConfiguration;
			buildSettings = {
				ASSETCATALOG_COMPILER_GLOBAL_ACCENT_COLOR_NAME = AccentColor;
				ASSETCATALOG_COMPILER_WIDGET_BACKGROUND_COLOR_NAME = WidgetBackground;
				CODE_SIGN_ENTITLEMENTS = AppAppWidgets/AppAppWidgetsExtension.entitlements;
				CODE_SIGN_STYLE = Automatic;
				CURRENT_PROJECT_VERSION = 1;
				DEVELOPMENT_TEAM = 6CW3378X23;
				ENABLE_USER_SCRIPT_SANDBOXING = YES;
				GENERATE_INFOPLIST_FILE = YES;
				INFOPLIST_FILE = AppAppWidgets/Info.plist;
				INFOPLIST_KEY_CFBundleDisplayName = AppAppWidgets;
				INFOPLIST_KEY_NSHumanReadableCopyright = "";
				IPHONEOS_DEPLOYMENT_TARGET = 15.6;
				LD_RUNPATH_SEARCH_PATHS = (
					"$(inherited)",
					"@executable_path/Frameworks",
					"@executable_path/../../Frameworks",
				);
				MARKETING_VERSION = 1.0;
				PRODUCT_BUNDLE_IDENTIFIER = com.dylan.AppApp.AppAppWidgets;
				PRODUCT_NAME = "$(TARGET_NAME)";
				SDKROOT = iphoneos;
				SKIP_INSTALL = YES;
				SWIFT_EMIT_LOC_STRINGS = YES;
				SWIFT_VERSION = 5.0;
				TARGETED_DEVICE_FAMILY = "1,2";
			};
			name = Debug;
		};
		FCD1A50C2B35401B00E91BD7 /* Release */ = {
			isa = XCBuildConfiguration;
			buildSettings = {
				ASSETCATALOG_COMPILER_GLOBAL_ACCENT_COLOR_NAME = AccentColor;
				ASSETCATALOG_COMPILER_WIDGET_BACKGROUND_COLOR_NAME = WidgetBackground;
				CODE_SIGN_ENTITLEMENTS = AppAppWidgets/AppAppWidgetsExtension.entitlements;
				CODE_SIGN_STYLE = Automatic;
				CURRENT_PROJECT_VERSION = 1;
				DEVELOPMENT_TEAM = 6CW3378X23;
				ENABLE_USER_SCRIPT_SANDBOXING = YES;
				GENERATE_INFOPLIST_FILE = YES;
				INFOPLIST_FILE = AppAppWidgets/Info.plist;
				INFOPLIST_KEY_CFBundleDisplayName = AppAppWidgets;
				INFOPLIST_KEY_NSHumanReadableCopyright = "";
				IPHONEOS_DEPLOYMENT_TARGET = 15.6;
				LD_RUNPATH_SEARCH_PATHS = (
					"$(inherited)",
					"@executable_path/Frameworks",
					"@executable_path/../../Frameworks",
				);
				MARKETING_VERSION = 1.0;
				PRODUCT_BUNDLE_IDENTIFIER = com.dylan.AppApp.AppAppWidgets;
				PRODUCT_NAME = "$(TARGET_NAME)";
				SDKROOT = iphoneos;
				SKIP_INSTALL = YES;
				SWIFT_EMIT_LOC_STRINGS = YES;
				SWIFT_VERSION = 5.0;
				TARGETED_DEVICE_FAMILY = "1,2";
				VALIDATE_PRODUCT = YES;
			};
			name = Release;
		};
		FCD3B2082B0B584E0054371B /* Debug */ = {
			isa = XCBuildConfiguration;
			buildSettings = {
				ALWAYS_SEARCH_USER_PATHS = NO;
				ASSETCATALOG_COMPILER_GENERATE_SWIFT_ASSET_SYMBOL_EXTENSIONS = YES;
				CLANG_ANALYZER_NONNULL = YES;
				CLANG_ANALYZER_NUMBER_OBJECT_CONVERSION = YES_AGGRESSIVE;
				CLANG_CXX_LANGUAGE_STANDARD = "gnu++20";
				CLANG_ENABLE_MODULES = YES;
				CLANG_ENABLE_OBJC_ARC = YES;
				CLANG_ENABLE_OBJC_WEAK = YES;
				CLANG_WARN_BLOCK_CAPTURE_AUTORELEASING = YES;
				CLANG_WARN_BOOL_CONVERSION = YES;
				CLANG_WARN_COMMA = YES;
				CLANG_WARN_CONSTANT_CONVERSION = YES;
				CLANG_WARN_DEPRECATED_OBJC_IMPLEMENTATIONS = YES;
				CLANG_WARN_DIRECT_OBJC_ISA_USAGE = YES_ERROR;
				CLANG_WARN_DOCUMENTATION_COMMENTS = YES;
				CLANG_WARN_EMPTY_BODY = YES;
				CLANG_WARN_ENUM_CONVERSION = YES;
				CLANG_WARN_INFINITE_RECURSION = YES;
				CLANG_WARN_INT_CONVERSION = YES;
				CLANG_WARN_NON_LITERAL_NULL_CONVERSION = YES;
				CLANG_WARN_OBJC_IMPLICIT_RETAIN_SELF = YES;
				CLANG_WARN_OBJC_LITERAL_CONVERSION = YES;
				CLANG_WARN_OBJC_ROOT_CLASS = YES_ERROR;
				CLANG_WARN_QUOTED_INCLUDE_IN_FRAMEWORK_HEADER = YES;
				CLANG_WARN_RANGE_LOOP_ANALYSIS = YES;
				CLANG_WARN_STRICT_PROTOTYPES = YES;
				CLANG_WARN_SUSPICIOUS_MOVE = YES;
				CLANG_WARN_UNGUARDED_AVAILABILITY = YES_AGGRESSIVE;
				CLANG_WARN_UNREACHABLE_CODE = YES;
				CLANG_WARN__DUPLICATE_METHOD_MATCH = YES;
				COPY_PHASE_STRIP = NO;
				DEBUG_INFORMATION_FORMAT = dwarf;
				ENABLE_STRICT_OBJC_MSGSEND = YES;
				ENABLE_TESTABILITY = YES;
				ENABLE_USER_SCRIPT_SANDBOXING = NO;
				GCC_C_LANGUAGE_STANDARD = gnu17;
				GCC_DYNAMIC_NO_PIC = NO;
				GCC_NO_COMMON_BLOCKS = YES;
				GCC_OPTIMIZATION_LEVEL = 0;
				GCC_PREPROCESSOR_DEFINITIONS = (
					"DEBUG=1",
					"$(inherited)",
				);
				GCC_WARN_64_TO_32_BIT_CONVERSION = YES;
				GCC_WARN_ABOUT_RETURN_TYPE = YES_ERROR;
				GCC_WARN_UNDECLARED_SELECTOR = YES;
				GCC_WARN_UNINITIALIZED_AUTOS = YES_AGGRESSIVE;
				GCC_WARN_UNUSED_FUNCTION = YES;
				GCC_WARN_UNUSED_VARIABLE = YES;
				LOCALIZATION_PREFERS_STRING_CATALOGS = YES;
				MTL_ENABLE_DEBUG_INFO = INCLUDE_SOURCE;
				MTL_FAST_MATH = YES;
				ONLY_ACTIVE_ARCH = YES;
				SWIFT_ACTIVE_COMPILATION_CONDITIONS = "DEBUG $(inherited)";
				SWIFT_OPTIMIZATION_LEVEL = "-Onone";
			};
			name = Debug;
		};
		FCD3B2092B0B584E0054371B /* Release */ = {
			isa = XCBuildConfiguration;
			buildSettings = {
				ALWAYS_SEARCH_USER_PATHS = NO;
				ASSETCATALOG_COMPILER_GENERATE_SWIFT_ASSET_SYMBOL_EXTENSIONS = YES;
				CLANG_ANALYZER_NONNULL = YES;
				CLANG_ANALYZER_NUMBER_OBJECT_CONVERSION = YES_AGGRESSIVE;
				CLANG_CXX_LANGUAGE_STANDARD = "gnu++20";
				CLANG_ENABLE_MODULES = YES;
				CLANG_ENABLE_OBJC_ARC = YES;
				CLANG_ENABLE_OBJC_WEAK = YES;
				CLANG_WARN_BLOCK_CAPTURE_AUTORELEASING = YES;
				CLANG_WARN_BOOL_CONVERSION = YES;
				CLANG_WARN_COMMA = YES;
				CLANG_WARN_CONSTANT_CONVERSION = YES;
				CLANG_WARN_DEPRECATED_OBJC_IMPLEMENTATIONS = YES;
				CLANG_WARN_DIRECT_OBJC_ISA_USAGE = YES_ERROR;
				CLANG_WARN_DOCUMENTATION_COMMENTS = YES;
				CLANG_WARN_EMPTY_BODY = YES;
				CLANG_WARN_ENUM_CONVERSION = YES;
				CLANG_WARN_INFINITE_RECURSION = YES;
				CLANG_WARN_INT_CONVERSION = YES;
				CLANG_WARN_NON_LITERAL_NULL_CONVERSION = YES;
				CLANG_WARN_OBJC_IMPLICIT_RETAIN_SELF = YES;
				CLANG_WARN_OBJC_LITERAL_CONVERSION = YES;
				CLANG_WARN_OBJC_ROOT_CLASS = YES_ERROR;
				CLANG_WARN_QUOTED_INCLUDE_IN_FRAMEWORK_HEADER = YES;
				CLANG_WARN_RANGE_LOOP_ANALYSIS = YES;
				CLANG_WARN_STRICT_PROTOTYPES = YES;
				CLANG_WARN_SUSPICIOUS_MOVE = YES;
				CLANG_WARN_UNGUARDED_AVAILABILITY = YES_AGGRESSIVE;
				CLANG_WARN_UNREACHABLE_CODE = YES;
				CLANG_WARN__DUPLICATE_METHOD_MATCH = YES;
				COPY_PHASE_STRIP = NO;
				DEBUG_INFORMATION_FORMAT = "dwarf-with-dsym";
				ENABLE_NS_ASSERTIONS = NO;
				ENABLE_STRICT_OBJC_MSGSEND = YES;
				ENABLE_USER_SCRIPT_SANDBOXING = NO;
				GCC_C_LANGUAGE_STANDARD = gnu17;
				GCC_NO_COMMON_BLOCKS = YES;
				GCC_WARN_64_TO_32_BIT_CONVERSION = YES;
				GCC_WARN_ABOUT_RETURN_TYPE = YES_ERROR;
				GCC_WARN_UNDECLARED_SELECTOR = YES;
				GCC_WARN_UNINITIALIZED_AUTOS = YES_AGGRESSIVE;
				GCC_WARN_UNUSED_FUNCTION = YES;
				GCC_WARN_UNUSED_VARIABLE = YES;
				LOCALIZATION_PREFERS_STRING_CATALOGS = YES;
				MTL_ENABLE_DEBUG_INFO = NO;
				MTL_FAST_MATH = YES;
				SWIFT_COMPILATION_MODE = wholemodule;
			};
			name = Release;
		};
		FCD3B20B2B0B584E0054371B /* Debug */ = {
			isa = XCBuildConfiguration;
			buildSettings = {
				ALWAYS_EMBED_SWIFT_STANDARD_LIBRARIES = YES;
				ASSETCATALOG_COMPILER_APPICON_NAME = AppIcon;
				ASSETCATALOG_COMPILER_GLOBAL_ACCENT_COLOR_NAME = AccentColor;
				CODE_SIGN_ENTITLEMENTS = AppApp/AppApp.entitlements;
				CODE_SIGN_STYLE = Automatic;
				CURRENT_PROJECT_VERSION = 1;
				DEVELOPMENT_ASSET_PATHS = "\"AppApp/Preview Content\"";
				DEVELOPMENT_TEAM = 6CW3378X23;
				ENABLE_HARDENED_RUNTIME = NO;
				ENABLE_PREVIEWS = YES;
				GENERATE_INFOPLIST_FILE = YES;
				INFOPLIST_FILE = AppApp/Info.plist;
				"INFOPLIST_KEY_UIApplicationSceneManifest_Generation[sdk=iphoneos*]" = YES;
				"INFOPLIST_KEY_UIApplicationSceneManifest_Generation[sdk=iphonesimulator*]" = YES;
				"INFOPLIST_KEY_UIApplicationSupportsIndirectInputEvents[sdk=iphoneos*]" = YES;
				"INFOPLIST_KEY_UIApplicationSupportsIndirectInputEvents[sdk=iphonesimulator*]" = YES;
				"INFOPLIST_KEY_UILaunchScreen_Generation[sdk=iphoneos*]" = YES;
				"INFOPLIST_KEY_UILaunchScreen_Generation[sdk=iphonesimulator*]" = YES;
				"INFOPLIST_KEY_UIStatusBarStyle[sdk=iphoneos*]" = UIStatusBarStyleDefault;
				"INFOPLIST_KEY_UIStatusBarStyle[sdk=iphonesimulator*]" = UIStatusBarStyleDefault;
				INFOPLIST_KEY_UISupportedInterfaceOrientations_iPad = "UIInterfaceOrientationPortrait UIInterfaceOrientationPortraitUpsideDown UIInterfaceOrientationLandscapeLeft UIInterfaceOrientationLandscapeRight";
				INFOPLIST_KEY_UISupportedInterfaceOrientations_iPhone = "UIInterfaceOrientationPortrait UIInterfaceOrientationLandscapeLeft UIInterfaceOrientationLandscapeRight";
				IPHONEOS_DEPLOYMENT_TARGET = 15.6;
				LD_RUNPATH_SEARCH_PATHS = "@executable_path/Frameworks";
				"LD_RUNPATH_SEARCH_PATHS[sdk=macosx*]" = "@executable_path/../Frameworks";
				MACOSX_DEPLOYMENT_TARGET = 13.6;
				MARKETING_VERSION = 1.0;
				PRODUCT_BUNDLE_IDENTIFIER = com.dylan.AppApp;
				PRODUCT_NAME = "$(TARGET_NAME)";
				SDKROOT = auto;
				SUPPORTED_PLATFORMS = "iphoneos iphonesimulator macosx";
				SWIFT_EMIT_LOC_STRINGS = YES;
				SWIFT_VERSION = 5.0;
				TARGETED_DEVICE_FAMILY = "1,2";
			};
			name = Debug;
		};
		FCD3B20C2B0B584E0054371B /* Release */ = {
			isa = XCBuildConfiguration;
			buildSettings = {
				ALWAYS_EMBED_SWIFT_STANDARD_LIBRARIES = YES;
				ASSETCATALOG_COMPILER_APPICON_NAME = AppIcon;
				ASSETCATALOG_COMPILER_GLOBAL_ACCENT_COLOR_NAME = AccentColor;
				CODE_SIGN_ENTITLEMENTS = AppApp/AppApp.entitlements;
				CODE_SIGN_STYLE = Automatic;
				CURRENT_PROJECT_VERSION = 1;
				DEVELOPMENT_ASSET_PATHS = "\"AppApp/Preview Content\"";
				DEVELOPMENT_TEAM = 6CW3378X23;
				ENABLE_HARDENED_RUNTIME = NO;
				ENABLE_PREVIEWS = YES;
				GENERATE_INFOPLIST_FILE = YES;
				INFOPLIST_FILE = AppApp/Info.plist;
				"INFOPLIST_KEY_UIApplicationSceneManifest_Generation[sdk=iphoneos*]" = YES;
				"INFOPLIST_KEY_UIApplicationSceneManifest_Generation[sdk=iphonesimulator*]" = YES;
				"INFOPLIST_KEY_UIApplicationSupportsIndirectInputEvents[sdk=iphoneos*]" = YES;
				"INFOPLIST_KEY_UIApplicationSupportsIndirectInputEvents[sdk=iphonesimulator*]" = YES;
				"INFOPLIST_KEY_UILaunchScreen_Generation[sdk=iphoneos*]" = YES;
				"INFOPLIST_KEY_UILaunchScreen_Generation[sdk=iphonesimulator*]" = YES;
				"INFOPLIST_KEY_UIStatusBarStyle[sdk=iphoneos*]" = UIStatusBarStyleDefault;
				"INFOPLIST_KEY_UIStatusBarStyle[sdk=iphonesimulator*]" = UIStatusBarStyleDefault;
				INFOPLIST_KEY_UISupportedInterfaceOrientations_iPad = "UIInterfaceOrientationPortrait UIInterfaceOrientationPortraitUpsideDown UIInterfaceOrientationLandscapeLeft UIInterfaceOrientationLandscapeRight";
				INFOPLIST_KEY_UISupportedInterfaceOrientations_iPhone = "UIInterfaceOrientationPortrait UIInterfaceOrientationLandscapeLeft UIInterfaceOrientationLandscapeRight";
				IPHONEOS_DEPLOYMENT_TARGET = 15.6;
				LD_RUNPATH_SEARCH_PATHS = "@executable_path/Frameworks";
				"LD_RUNPATH_SEARCH_PATHS[sdk=macosx*]" = "@executable_path/../Frameworks";
				MACOSX_DEPLOYMENT_TARGET = 13.6;
				MARKETING_VERSION = 1.0;
				PRODUCT_BUNDLE_IDENTIFIER = com.dylan.AppApp;
				PRODUCT_NAME = "$(TARGET_NAME)";
				SDKROOT = auto;
				SUPPORTED_PLATFORMS = "iphoneos iphonesimulator macosx";
				SWIFT_EMIT_LOC_STRINGS = YES;
				SWIFT_VERSION = 5.0;
				TARGETED_DEVICE_FAMILY = "1,2";
			};
			name = Release;
		};
		FCD3B20E2B0B584E0054371B /* Debug */ = {
			isa = XCBuildConfiguration;
			buildSettings = {
				ALWAYS_EMBED_SWIFT_STANDARD_LIBRARIES = YES;
				BUNDLE_LOADER = "$(TEST_HOST)";
				CODE_SIGN_STYLE = Automatic;
				CURRENT_PROJECT_VERSION = 1;
				DEVELOPMENT_TEAM = 6CW3378X23;
				GENERATE_INFOPLIST_FILE = YES;
				IPHONEOS_DEPLOYMENT_TARGET = 17.0;
				MACOSX_DEPLOYMENT_TARGET = 13.6;
				MARKETING_VERSION = 1.0;
				PRODUCT_BUNDLE_IDENTIFIER = com.dylan.AppAppTests;
				PRODUCT_NAME = "$(TARGET_NAME)";
				SDKROOT = auto;
				SUPPORTED_PLATFORMS = "iphoneos iphonesimulator macosx";
				SWIFT_EMIT_LOC_STRINGS = NO;
				SWIFT_VERSION = 5.0;
				TARGETED_DEVICE_FAMILY = "1,2";
				TEST_HOST = "$(BUILT_PRODUCTS_DIR)/AppApp.app/$(BUNDLE_EXECUTABLE_FOLDER_PATH)/AppApp";
			};
			name = Debug;
		};
		FCD3B20F2B0B584E0054371B /* Release */ = {
			isa = XCBuildConfiguration;
			buildSettings = {
				ALWAYS_EMBED_SWIFT_STANDARD_LIBRARIES = YES;
				BUNDLE_LOADER = "$(TEST_HOST)";
				CODE_SIGN_STYLE = Automatic;
				CURRENT_PROJECT_VERSION = 1;
				DEVELOPMENT_TEAM = 6CW3378X23;
				GENERATE_INFOPLIST_FILE = YES;
				IPHONEOS_DEPLOYMENT_TARGET = 17.0;
				MACOSX_DEPLOYMENT_TARGET = 13.6;
				MARKETING_VERSION = 1.0;
				PRODUCT_BUNDLE_IDENTIFIER = com.dylan.AppAppTests;
				PRODUCT_NAME = "$(TARGET_NAME)";
				SDKROOT = auto;
				SUPPORTED_PLATFORMS = "iphoneos iphonesimulator macosx";
				SWIFT_EMIT_LOC_STRINGS = NO;
				SWIFT_VERSION = 5.0;
				TARGETED_DEVICE_FAMILY = "1,2";
				TEST_HOST = "$(BUILT_PRODUCTS_DIR)/AppApp.app/$(BUNDLE_EXECUTABLE_FOLDER_PATH)/AppApp";
			};
			name = Release;
		};
		FCD3B2112B0B584E0054371B /* Debug */ = {
			isa = XCBuildConfiguration;
			buildSettings = {
				ALWAYS_EMBED_SWIFT_STANDARD_LIBRARIES = YES;
				CODE_SIGN_STYLE = Automatic;
				CURRENT_PROJECT_VERSION = 1;
				DEVELOPMENT_TEAM = 6CW3378X23;
				GENERATE_INFOPLIST_FILE = YES;
				IPHONEOS_DEPLOYMENT_TARGET = 17.0;
				MACOSX_DEPLOYMENT_TARGET = 13.6;
				MARKETING_VERSION = 1.0;
				PRODUCT_BUNDLE_IDENTIFIER = com.dylan.AppAppUITests;
				PRODUCT_NAME = "$(TARGET_NAME)";
				SDKROOT = auto;
				SUPPORTED_PLATFORMS = "iphoneos iphonesimulator macosx";
				SWIFT_EMIT_LOC_STRINGS = NO;
				SWIFT_VERSION = 5.0;
				TARGETED_DEVICE_FAMILY = "1,2";
				TEST_TARGET_NAME = AppApp;
			};
			name = Debug;
		};
		FCD3B2122B0B584E0054371B /* Release */ = {
			isa = XCBuildConfiguration;
			buildSettings = {
				ALWAYS_EMBED_SWIFT_STANDARD_LIBRARIES = YES;
				CODE_SIGN_STYLE = Automatic;
				CURRENT_PROJECT_VERSION = 1;
				DEVELOPMENT_TEAM = 6CW3378X23;
				GENERATE_INFOPLIST_FILE = YES;
				IPHONEOS_DEPLOYMENT_TARGET = 17.0;
				MACOSX_DEPLOYMENT_TARGET = 13.6;
				MARKETING_VERSION = 1.0;
				PRODUCT_BUNDLE_IDENTIFIER = com.dylan.AppAppUITests;
				PRODUCT_NAME = "$(TARGET_NAME)";
				SDKROOT = auto;
				SUPPORTED_PLATFORMS = "iphoneos iphonesimulator macosx";
				SWIFT_EMIT_LOC_STRINGS = NO;
				SWIFT_VERSION = 5.0;
				TARGETED_DEVICE_FAMILY = "1,2";
				TEST_TARGET_NAME = AppApp;
			};
			name = Release;
		};
/* End XCBuildConfiguration section */

/* Begin XCConfigurationList section */
		FC0BE6412B1C93600087EE00 /* Build configuration list for PBXNativeTarget "AATest" */ = {
			isa = XCConfigurationList;
			buildConfigurations = (
				FC0BE6422B1C93600087EE00 /* Debug */,
				FC0BE6432B1C93600087EE00 /* Release */,
			);
			defaultConfigurationIsVisible = 0;
			defaultConfigurationName = Release;
		};
		FC20C3BA2B3FDAAA00F2E2FF /* Build configuration list for PBXNativeTarget "SimpleAppApp" */ = {
			isa = XCConfigurationList;
			buildConfigurations = (
				FC20C3BB2B3FDAAA00F2E2FF /* Debug */,
				FC20C3BC2B3FDAAA00F2E2FF /* Release */,
			);
			defaultConfigurationIsVisible = 0;
			defaultConfigurationName = Release;
		};
		FCD1A50A2B35401B00E91BD7 /* Build configuration list for PBXNativeTarget "AppAppWidgetsExtension" */ = {
			isa = XCConfigurationList;
			buildConfigurations = (
				FCD1A50B2B35401B00E91BD7 /* Debug */,
				FCD1A50C2B35401B00E91BD7 /* Release */,
			);
			defaultConfigurationIsVisible = 0;
			defaultConfigurationName = Release;
		};
		FCD3B1E02B0B584B0054371B /* Build configuration list for PBXProject "AppApp" */ = {
			isa = XCConfigurationList;
			buildConfigurations = (
				FCD3B2082B0B584E0054371B /* Debug */,
				FCD3B2092B0B584E0054371B /* Release */,
			);
			defaultConfigurationIsVisible = 0;
			defaultConfigurationName = Release;
		};
		FCD3B20A2B0B584E0054371B /* Build configuration list for PBXNativeTarget "AppApp" */ = {
			isa = XCConfigurationList;
			buildConfigurations = (
				FCD3B20B2B0B584E0054371B /* Debug */,
				FCD3B20C2B0B584E0054371B /* Release */,
			);
			defaultConfigurationIsVisible = 0;
			defaultConfigurationName = Release;
		};
		FCD3B20D2B0B584E0054371B /* Build configuration list for PBXNativeTarget "AppAppTests" */ = {
			isa = XCConfigurationList;
			buildConfigurations = (
				FCD3B20E2B0B584E0054371B /* Debug */,
				FCD3B20F2B0B584E0054371B /* Release */,
			);
			defaultConfigurationIsVisible = 0;
			defaultConfigurationName = Release;
		};
		FCD3B2102B0B584E0054371B /* Build configuration list for PBXNativeTarget "AppAppUITests" */ = {
			isa = XCConfigurationList;
			buildConfigurations = (
				FCD3B2112B0B584E0054371B /* Debug */,
				FCD3B2122B0B584E0054371B /* Release */,
			);
			defaultConfigurationIsVisible = 0;
			defaultConfigurationName = Release;
		};
/* End XCConfigurationList section */

/* Begin XCLocalSwiftPackageReference section */
		FC0CF5942B25593800995F30 /* XCLocalSwiftPackageReference "../Armstrong" */ = {
			isa = XCLocalSwiftPackageReference;
			relativePath = ../Armstrong;
		};
		FC57898D2B302966006D6D37 /* XCLocalSwiftPackageReference "../Greg" */ = {
			isa = XCLocalSwiftPackageReference;
			relativePath = ../Greg;
		};
		FCA175E22B256D42002AC37B /* XCLocalSwiftPackageReference "../Alexandria" */ = {
			isa = XCLocalSwiftPackageReference;
			relativePath = ../Alexandria;
		};
		FCD3B21D2B0B67060054371B /* XCLocalSwiftPackageReference "../DylKit" */ = {
			isa = XCLocalSwiftPackageReference;
			relativePath = ../DylKit;
		};
/* End XCLocalSwiftPackageReference section */

/* Begin XCSwiftPackageProductDependency section */
		FC0BE6452B1C95A20087EE00 /* DylKit */ = {
			isa = XCSwiftPackageProductDependency;
			package = FCD3B21D2B0B67060054371B /* XCLocalSwiftPackageReference "../DylKit" */;
			productName = DylKit;
		};
		FC0CF5952B25593800995F30 /* Armstrong */ = {
			isa = XCSwiftPackageProductDependency;
			productName = Armstrong;
		};
		FC20C3BD2B3FDBA900F2E2FF /* Armstrong */ = {
			isa = XCSwiftPackageProductDependency;
			productName = Armstrong;
		};
		FC20C3BF2B3FDBA900F2E2FF /* DylKit */ = {
			isa = XCSwiftPackageProductDependency;
			productName = DylKit;
		};
		FC20C3C12B3FF1AD00F2E2FF /* Alexandria */ = {
			isa = XCSwiftPackageProductDependency;
			productName = Alexandria;
		};
		FC57898E2B302966006D6D37 /* Greg */ = {
			isa = XCSwiftPackageProductDependency;
			productName = Greg;
		};
		FC8CF6682B255A7A007E3793 /* DylKit */ = {
			isa = XCSwiftPackageProductDependency;
			package = FCD3B21D2B0B67060054371B /* XCLocalSwiftPackageReference "../DylKit" */;
			productName = DylKit;
		};
		FC8CF66A2B255A7A007E3793 /* Armstrong */ = {
			isa = XCSwiftPackageProductDependency;
			package = FC0CF5942B25593800995F30 /* XCLocalSwiftPackageReference "../Armstrong" */;
			productName = Armstrong;
		};
		FCA175E32B256D42002AC37B /* Alexandria */ = {
			isa = XCSwiftPackageProductDependency;
			productName = Alexandria;
		};
		FCA175E52B256DC2002AC37B /* Alexandria */ = {
			isa = XCSwiftPackageProductDependency;
			package = FCA175E22B256D42002AC37B /* XCLocalSwiftPackageReference "../Alexandria" */;
			productName = Alexandria;
		};
		FCD1A5112B354CB200E91BD7 /* AppAppKit */ = {
			isa = XCSwiftPackageProductDependency;
			productName = AppAppKit;
		};
		FCD1A5132B354CEE00E91BD7 /* AppAppKit */ = {
			isa = XCSwiftPackageProductDependency;
			productName = AppAppKit;
		};
		FCD1A5152B354CF700E91BD7 /* Armstrong */ = {
			isa = XCSwiftPackageProductDependency;
			productName = Armstrong;
		};
		FCD3B21E2B0B67060054371B /* DylKit */ = {
			isa = XCSwiftPackageProductDependency;
			productName = DylKit;
		};
/* End XCSwiftPackageProductDependency section */
	};
	rootObject = FCD3B1DD2B0B584B0054371B /* Project object */;
}
