// !$*UTF8*$!
{
	archiveVersion = 1;
	classes = {
	};
	objectVersion = 60;
	objects = {

/* Begin PBXBuildFile section */
		FC2B8A842B1020B4003FAB86 /* MakeableWrapperView.swift in Sources */ = {isa = PBXBuildFile; fileRef = FC2B8A832B1020B4003FAB86 /* MakeableWrapperView.swift */; };
		FC2B8A862B103DF6003FAB86 /* TemporaryValue.swift in Sources */ = {isa = PBXBuildFile; fileRef = FC2B8A852B103DF6003FAB86 /* TemporaryValue.swift */; };
		FC2B8A892B108F3F003FAB86 /* CodableMakeableList.swift in Sources */ = {isa = PBXBuildFile; fileRef = FC2B8A882B108F3F003FAB86 /* CodableMakeableList.swift */; };
		FC2B8A8B2B108F6B003FAB86 /* CodableVariableValue.swift in Sources */ = {isa = PBXBuildFile; fileRef = FC2B8A8A2B108F6B003FAB86 /* CodableVariableValue.swift */; };
		FC2B8A8D2B108F7C003FAB86 /* CodableVariableList.swift in Sources */ = {isa = PBXBuildFile; fileRef = FC2B8A8C2B108F7C003FAB86 /* CodableVariableList.swift */; };
		FC2B8A8F2B108F90003FAB86 /* CodableVariableDictionary.swift in Sources */ = {isa = PBXBuildFile; fileRef = FC2B8A8E2B108F90003FAB86 /* CodableVariableDictionary.swift */; };
		FC2B8A912B108FA0003FAB86 /* CodableStep.swift in Sources */ = {isa = PBXBuildFile; fileRef = FC2B8A902B108FA0003FAB86 /* CodableStep.swift */; };
		FC2B8A932B108FAE003FAB86 /* CodableStepList.swift in Sources */ = {isa = PBXBuildFile; fileRef = FC2B8A922B108FAE003FAB86 /* CodableStepList.swift */; };
		FC2B8A952B108FC0003FAB86 /* CodableTypeString.swift in Sources */ = {isa = PBXBuildFile; fileRef = FC2B8A942B108FC0003FAB86 /* CodableTypeString.swift */; };
		FC2B8A972B10900C003FAB86 /* StepArray.swift in Sources */ = {isa = PBXBuildFile; fileRef = FC2B8A962B10900C003FAB86 /* StepArray.swift */; };
		FC2B8A992B109038003FAB86 /* MakeableArray.swift in Sources */ = {isa = PBXBuildFile; fileRef = FC2B8A982B109038003FAB86 /* MakeableArray.swift */; };
		FC2B8A9B2B109C3C003FAB86 /* ArrayValueStep.swift in Sources */ = {isa = PBXBuildFile; fileRef = FC2B8A9A2B109C3C003FAB86 /* ArrayValueStep.swift */; };
		FC2B8A9D2B10A2CA003FAB86 /* FontWeightValue.swift in Sources */ = {isa = PBXBuildFile; fileRef = FC2B8A9C2B10A2CA003FAB86 /* FontWeightValue.swift */; };
		FC2B8A9F2B10ACD5003FAB86 /* Binding+Nil.swift in Sources */ = {isa = PBXBuildFile; fileRef = FC2B8A9E2B10ACD5003FAB86 /* Binding+Nil.swift */; };
		FC2B8AA12B10AE12003FAB86 /* Bool+VariableValue.swift in Sources */ = {isa = PBXBuildFile; fileRef = FC2B8AA02B10AE12003FAB86 /* Bool+VariableValue.swift */; };
		FC4635072B0C980A00B8DCBE /* StaticValueStep.swift in Sources */ = {isa = PBXBuildFile; fileRef = FC4635062B0C980A00B8DCBE /* StaticValueStep.swift */; };
		FC46350A2B0C982E00B8DCBE /* VariableStep.swift in Sources */ = {isa = PBXBuildFile; fileRef = FC4635092B0C982E00B8DCBE /* VariableStep.swift */; };
		FC46350C2B0C983D00B8DCBE /* APIValueStep.swift in Sources */ = {isa = PBXBuildFile; fileRef = FC46350B2B0C983D00B8DCBE /* APIValueStep.swift */; };
		FC46350F2B0C987100B8DCBE /* VariableType.swift in Sources */ = {isa = PBXBuildFile; fileRef = FC46350E2B0C987100B8DCBE /* VariableType.swift */; };
		FC4635112B0C988000B8DCBE /* VariableValueError.swift in Sources */ = {isa = PBXBuildFile; fileRef = FC4635102B0C988000B8DCBE /* VariableValueError.swift */; };
		FC4635132B0C989000B8DCBE /* VariableValue+EditView.swift in Sources */ = {isa = PBXBuildFile; fileRef = FC4635122B0C989000B8DCBE /* VariableValue+EditView.swift */; };
		FC4635152B0C98A300B8DCBE /* Int+VariableValue.swift in Sources */ = {isa = PBXBuildFile; fileRef = FC4635142B0C98A300B8DCBE /* Int+VariableValue.swift */; };
		FC4635172B0C98C000B8DCBE /* Variable+VariableValue.swift in Sources */ = {isa = PBXBuildFile; fileRef = FC4635162B0C98C000B8DCBE /* Variable+VariableValue.swift */; };
		FC4635192B0C98EE00B8DCBE /* Value.swift in Sources */ = {isa = PBXBuildFile; fileRef = FC4635182B0C98EE00B8DCBE /* Value.swift */; };
		FC46351C2B0C993600B8DCBE /* SetVarStep.swift in Sources */ = {isa = PBXBuildFile; fileRef = FC46351B2B0C993600B8DCBE /* SetVarStep.swift */; };
		FC46351E2B0C997700B8DCBE /* AddToVarStep.swift in Sources */ = {isa = PBXBuildFile; fileRef = FC46351D2B0C997700B8DCBE /* AddToVarStep.swift */; };
		FC4635202B0C998B00B8DCBE /* PrintVarStep.swift in Sources */ = {isa = PBXBuildFile; fileRef = FC46351F2B0C998B00B8DCBE /* PrintVarStep.swift */; };
		FC4C15C12B0C96E60010BB1A /* ActionValue.swift in Sources */ = {isa = PBXBuildFile; fileRef = FC4C15C02B0C96E60010BB1A /* ActionValue.swift */; };
		FC4C15C32B0C97020010BB1A /* ViewEditable.swift in Sources */ = {isa = PBXBuildFile; fileRef = FC4C15C22B0C97020010BB1A /* ViewEditable.swift */; };
		FC4C15C72B0C97390010BB1A /* ViewEditable+Constructor.swift in Sources */ = {isa = PBXBuildFile; fileRef = FC4C15C62B0C97390010BB1A /* ViewEditable+Constructor.swift */; };
		FC4C15C92B0C974E0010BB1A /* StepType.swift in Sources */ = {isa = PBXBuildFile; fileRef = FC4C15C82B0C974E0010BB1A /* StepType.swift */; };
		FC4C15CB2B0C975F0010BB1A /* StepType+Run.swift in Sources */ = {isa = PBXBuildFile; fileRef = FC4C15CA2B0C975F0010BB1A /* StepType+Run.swift */; };
		FC4C15CD2B0C97700010BB1A /* StepError.swift in Sources */ = {isa = PBXBuildFile; fileRef = FC4C15CC2B0C97700010BB1A /* StepError.swift */; };
		FC4C15CF2B0C97830010BB1A /* StepType+EditView.swift in Sources */ = {isa = PBXBuildFile; fileRef = FC4C15CE2B0C97830010BB1A /* StepType+EditView.swift */; };
		FC4C15D12B0C97B20010BB1A /* Array_StepType+VariableValue.swift in Sources */ = {isa = PBXBuildFile; fileRef = FC4C15D02B0C97B20010BB1A /* Array_StepType+VariableValue.swift */; };
		FC4C15D32B0C97CC0010BB1A /* SheetButton.swift in Sources */ = {isa = PBXBuildFile; fileRef = FC4C15D22B0C97CC0010BB1A /* SheetButton.swift */; };
		FC4C2C242B0C9B7F008217AC /* ArrayValue.swift in Sources */ = {isa = PBXBuildFile; fileRef = FC4C2C232B0C9B7F008217AC /* ArrayValue.swift */; };
		FC4C2C272B0CA872008217AC /* ListEditView.swift in Sources */ = {isa = PBXBuildFile; fileRef = FC4C2C262B0CA872008217AC /* ListEditView.swift */; };
		FC4C2C292B0CBCF1008217AC /* DecodeDictionaryStep.swift in Sources */ = {isa = PBXBuildFile; fileRef = FC4C2C282B0CBCF1008217AC /* DecodeDictionaryStep.swift */; };
		FC4C2C2B2B0CBD01008217AC /* DictionaryValue.swift in Sources */ = {isa = PBXBuildFile; fileRef = FC4C2C2A2B0CBD01008217AC /* DictionaryValue.swift */; };
		FC4C2C2E2B0CBE76008217AC /* DictionaryEditView.swift in Sources */ = {isa = PBXBuildFile; fileRef = FC4C2C2D2B0CBE76008217AC /* DictionaryEditView.swift */; };
		FC4C2C302B0CCBE0008217AC /* DictionaryValueForKeyStep.swift in Sources */ = {isa = PBXBuildFile; fileRef = FC4C2C2F2B0CCBE0008217AC /* DictionaryValueForKeyStep.swift */; };
		FC4C2C322B0CD657008217AC /* MakeableField.swift in Sources */ = {isa = PBXBuildFile; fileRef = FC4C2C312B0CD657008217AC /* MakeableField.swift */; };
		FC9C41C92B12AC3300E51957 /* EditableVariableValue.swift in Sources */ = {isa = PBXBuildFile; fileRef = FC9C41C82B12AC3300E51957 /* EditableVariableValue.swift */; };
		FCD3B1E92B0B584B0054371B /* AppAppApp.swift in Sources */ = {isa = PBXBuildFile; fileRef = FCD3B1E82B0B584B0054371B /* AppAppApp.swift */; };
		FCD3B1ED2B0B584D0054371B /* Assets.xcassets in Resources */ = {isa = PBXBuildFile; fileRef = FCD3B1EC2B0B584D0054371B /* Assets.xcassets */; };
		FCD3B1F12B0B584D0054371B /* Preview Assets.xcassets in Resources */ = {isa = PBXBuildFile; fileRef = FCD3B1F02B0B584D0054371B /* Preview Assets.xcassets */; };
		FCD3B1FB2B0B584E0054371B /* AppAppTests.swift in Sources */ = {isa = PBXBuildFile; fileRef = FCD3B1FA2B0B584E0054371B /* AppAppTests.swift */; };
		FCD3B2052B0B584E0054371B /* AppAppUITests.swift in Sources */ = {isa = PBXBuildFile; fileRef = FCD3B2042B0B584E0054371B /* AppAppUITests.swift */; };
		FCD3B2072B0B584E0054371B /* AppAppUITestsLaunchTests.swift in Sources */ = {isa = PBXBuildFile; fileRef = FCD3B2062B0B584E0054371B /* AppAppUITestsLaunchTests.swift */; };
		FCD3B2142B0B62F40054371B /* VariableValue.swift in Sources */ = {isa = PBXBuildFile; fileRef = FCD3B2132B0B62F40054371B /* VariableValue.swift */; };
		FCD3B2162B0B63010054371B /* Variables.swift in Sources */ = {isa = PBXBuildFile; fileRef = FCD3B2152B0B63010054371B /* Variables.swift */; };
		FCD3B2182B0B63110054371B /* Step.swift in Sources */ = {isa = PBXBuildFile; fileRef = FCD3B2172B0B63110054371B /* Step.swift */; };
		FCD3B21C2B0B639F0054371B /* StepButton.swift in Sources */ = {isa = PBXBuildFile; fileRef = FCD3B21B2B0B639F0054371B /* StepButton.swift */; };
		FCD3B21F2B0B67060054371B /* DylKit in Frameworks */ = {isa = PBXBuildFile; productRef = FCD3B21E2B0B67060054371B /* DylKit */; };
		FCD3B2212B0B6FCB0054371B /* ViewMakerView.swift in Sources */ = {isa = PBXBuildFile; fileRef = FCD3B2202B0B6FCB0054371B /* ViewMakerView.swift */; };
		FCD3B2232B0B77C50054371B /* AddViewView.swift in Sources */ = {isa = PBXBuildFile; fileRef = FCD3B2222B0B77C50054371B /* AddViewView.swift */; };
		FCD3B2252B0B7C9F0054371B /* EditViewView.swift in Sources */ = {isa = PBXBuildFile; fileRef = FCD3B2242B0B7C9F0054371B /* EditViewView.swift */; };
		FCD3B2282B0B9F650054371B /* AddViewViewModel.swift in Sources */ = {isa = PBXBuildFile; fileRef = FCD3B2272B0B9F650054371B /* AddViewViewModel.swift */; };
		FCD3B22A2B0B9F7D0054371B /* EditViewViewModel.swift in Sources */ = {isa = PBXBuildFile; fileRef = FCD3B2292B0B9F7C0054371B /* EditViewViewModel.swift */; };
		FCD3B22D2B0B9FA70054371B /* MakeableButton.swift in Sources */ = {isa = PBXBuildFile; fileRef = FCD3B22C2B0B9FA70054371B /* MakeableButton.swift */; };
		FCD3B22F2B0B9FBA0054371B /* MakeableLabel.swift in Sources */ = {isa = PBXBuildFile; fileRef = FCD3B22E2B0B9FBA0054371B /* MakeableLabel.swift */; };
		FCD3B2312B0B9FCB0054371B /* MakeableStack.swift in Sources */ = {isa = PBXBuildFile; fileRef = FCD3B2302B0B9FCB0054371B /* MakeableStack.swift */; };
		FCD3B2332B0B9FE90054371B /* MakeableView.swift in Sources */ = {isa = PBXBuildFile; fileRef = FCD3B2322B0B9FE90054371B /* MakeableView.swift */; };
		FCD3B2352B0B9FF90054371B /* ViewProperty.swift in Sources */ = {isa = PBXBuildFile; fileRef = FCD3B2342B0B9FF90054371B /* ViewProperty.swift */; };
		FCD3B2382B0BA01D0054371B /* ViewMakerViewModel.swift in Sources */ = {isa = PBXBuildFile; fileRef = FCD3B2372B0BA01D0054371B /* ViewMakerViewModel.swift */; };
		FCD3B23B2B0BA8580054371B /* ActionListView.swift in Sources */ = {isa = PBXBuildFile; fileRef = FCD3B23A2B0BA8580054371B /* ActionListView.swift */; };
		FCD3B23D2B0BB2020054371B /* String+VariableValue.swift in Sources */ = {isa = PBXBuildFile; fileRef = FCD3B23C2B0BB2020054371B /* String+VariableValue.swift */; };
		FCD3B23F2B0BB31F0054371B /* AddActionView.swift in Sources */ = {isa = PBXBuildFile; fileRef = FCD3B23E2B0BB31F0054371B /* AddActionView.swift */; };
		FCD3B2422B0BB3360054371B /* Int+Identifiable.swift in Sources */ = {isa = PBXBuildFile; fileRef = FCD3B2412B0BB3360054371B /* Int+Identifiable.swift */; };
		FCD3B2442B0C31C40054371B /* ValueStep.swift in Sources */ = {isa = PBXBuildFile; fileRef = FCD3B2432B0C31C40054371B /* ValueStep.swift */; };
		FCD3B2462B0C50090054371B /* VHStack.swift in Sources */ = {isa = PBXBuildFile; fileRef = FCD3B2452B0C50090054371B /* VHStack.swift */; };
		FCD3B2492B0C69070054371B /* EditVariableView.swift in Sources */ = {isa = PBXBuildFile; fileRef = FCD3B2482B0C69070054371B /* EditVariableView.swift */; };
		FCD3B24B2B0C948C0054371B /* Array+Safe.swift in Sources */ = {isa = PBXBuildFile; fileRef = FCD3B24A2B0C948C0054371B /* Array+Safe.swift */; };
		FCD3B24D2B0C94A10054371B /* Array+Ing.swift in Sources */ = {isa = PBXBuildFile; fileRef = FCD3B24C2B0C94A10054371B /* Array+Ing.swift */; };
		FCD3B24F2B0C94C10054371B /* Screen.swift in Sources */ = {isa = PBXBuildFile; fileRef = FCD3B24E2B0C94C10054371B /* Screen.swift */; };
		FCD3B2512B0C94E80054371B /* MakeableView+Prototype.swift in Sources */ = {isa = PBXBuildFile; fileRef = FCD3B2502B0C94E80054371B /* MakeableView+Prototype.swift */; };
		FCD3B2532B0C95360054371B /* MakableView+MakeableConstructor.swift in Sources */ = {isa = PBXBuildFile; fileRef = FCD3B2522B0C95360054371B /* MakableView+MakeableConstructor.swift */; };
		FCD3B2552B0C956E0054371B /* MakeableView+EditView.swift in Sources */ = {isa = PBXBuildFile; fileRef = FCD3B2542B0C956E0054371B /* MakeableView+EditView.swift */; };
		FCD3B2572B0C95B30054371B /* View+OnEdit.swift in Sources */ = {isa = PBXBuildFile; fileRef = FCD3B2562B0C95B30054371B /* View+OnEdit.swift */; };
		FCD3B25B2B0C96170054371B /* DoView.swift in Sources */ = {isa = PBXBuildFile; fileRef = FCD3B25A2B0C96170054371B /* DoView.swift */; };
		FCD3B25D2B0C964D0054371B /* ViewContructor.swift in Sources */ = {isa = PBXBuildFile; fileRef = FCD3B25C2B0C964D0054371B /* ViewContructor.swift */; };
		FCD3B25F2B0C96790054371B /* MakeableConstructor.swift in Sources */ = {isa = PBXBuildFile; fileRef = FCD3B25E2B0C96790054371B /* MakeableConstructor.swift */; };
		FCD3B2612B0C96890054371B /* EditableViewConstructor.swift in Sources */ = {isa = PBXBuildFile; fileRef = FCD3B2602B0C96890054371B /* EditableViewConstructor.swift */; };
		FCE36F4C2B0D752200E247D8 /* ScreenListView.swift in Sources */ = {isa = PBXBuildFile; fileRef = FCE36F4B2B0D752200E247D8 /* ScreenListView.swift */; };
/* End PBXBuildFile section */

/* Begin PBXContainerItemProxy section */
		FCD3B1F72B0B584E0054371B /* PBXContainerItemProxy */ = {
			isa = PBXContainerItemProxy;
			containerPortal = FCD3B1DD2B0B584B0054371B /* Project object */;
			proxyType = 1;
			remoteGlobalIDString = FCD3B1E42B0B584B0054371B;
			remoteInfo = AppApp;
		};
		FCD3B2012B0B584E0054371B /* PBXContainerItemProxy */ = {
			isa = PBXContainerItemProxy;
			containerPortal = FCD3B1DD2B0B584B0054371B /* Project object */;
			proxyType = 1;
			remoteGlobalIDString = FCD3B1E42B0B584B0054371B;
			remoteInfo = AppApp;
		};
/* End PBXContainerItemProxy section */

/* Begin PBXFileReference section */
		FC2B8A832B1020B4003FAB86 /* MakeableWrapperView.swift */ = {isa = PBXFileReference; lastKnownFileType = sourcecode.swift; path = MakeableWrapperView.swift; sourceTree = "<group>"; };
		FC2B8A852B103DF6003FAB86 /* TemporaryValue.swift */ = {isa = PBXFileReference; lastKnownFileType = sourcecode.swift; path = TemporaryValue.swift; sourceTree = "<group>"; };
		FC2B8A882B108F3F003FAB86 /* CodableMakeableList.swift */ = {isa = PBXFileReference; lastKnownFileType = sourcecode.swift; path = CodableMakeableList.swift; sourceTree = "<group>"; };
		FC2B8A8A2B108F6B003FAB86 /* CodableVariableValue.swift */ = {isa = PBXFileReference; lastKnownFileType = sourcecode.swift; path = CodableVariableValue.swift; sourceTree = "<group>"; };
		FC2B8A8C2B108F7C003FAB86 /* CodableVariableList.swift */ = {isa = PBXFileReference; lastKnownFileType = sourcecode.swift; path = CodableVariableList.swift; sourceTree = "<group>"; };
		FC2B8A8E2B108F90003FAB86 /* CodableVariableDictionary.swift */ = {isa = PBXFileReference; lastKnownFileType = sourcecode.swift; path = CodableVariableDictionary.swift; sourceTree = "<group>"; };
		FC2B8A902B108FA0003FAB86 /* CodableStep.swift */ = {isa = PBXFileReference; lastKnownFileType = sourcecode.swift; path = CodableStep.swift; sourceTree = "<group>"; };
		FC2B8A922B108FAE003FAB86 /* CodableStepList.swift */ = {isa = PBXFileReference; lastKnownFileType = sourcecode.swift; path = CodableStepList.swift; sourceTree = "<group>"; };
		FC2B8A942B108FC0003FAB86 /* CodableTypeString.swift */ = {isa = PBXFileReference; lastKnownFileType = sourcecode.swift; path = CodableTypeString.swift; sourceTree = "<group>"; };
		FC2B8A962B10900C003FAB86 /* StepArray.swift */ = {isa = PBXFileReference; lastKnownFileType = sourcecode.swift; path = StepArray.swift; sourceTree = "<group>"; };
		FC2B8A982B109038003FAB86 /* MakeableArray.swift */ = {isa = PBXFileReference; lastKnownFileType = sourcecode.swift; path = MakeableArray.swift; sourceTree = "<group>"; };
		FC2B8A9A2B109C3C003FAB86 /* ArrayValueStep.swift */ = {isa = PBXFileReference; lastKnownFileType = sourcecode.swift; path = ArrayValueStep.swift; sourceTree = "<group>"; };
		FC2B8A9C2B10A2CA003FAB86 /* FontWeightValue.swift */ = {isa = PBXFileReference; lastKnownFileType = sourcecode.swift; path = FontWeightValue.swift; sourceTree = "<group>"; };
		FC2B8A9E2B10ACD5003FAB86 /* Binding+Nil.swift */ = {isa = PBXFileReference; lastKnownFileType = sourcecode.swift; path = "Binding+Nil.swift"; sourceTree = "<group>"; };
		FC2B8AA02B10AE12003FAB86 /* Bool+VariableValue.swift */ = {isa = PBXFileReference; lastKnownFileType = sourcecode.swift; path = "Bool+VariableValue.swift"; sourceTree = "<group>"; };
		FC4635062B0C980A00B8DCBE /* StaticValueStep.swift */ = {isa = PBXFileReference; lastKnownFileType = sourcecode.swift; path = StaticValueStep.swift; sourceTree = "<group>"; };
		FC4635092B0C982E00B8DCBE /* VariableStep.swift */ = {isa = PBXFileReference; lastKnownFileType = sourcecode.swift; path = VariableStep.swift; sourceTree = "<group>"; };
		FC46350B2B0C983D00B8DCBE /* APIValueStep.swift */ = {isa = PBXFileReference; lastKnownFileType = sourcecode.swift; path = APIValueStep.swift; sourceTree = "<group>"; };
		FC46350E2B0C987100B8DCBE /* VariableType.swift */ = {isa = PBXFileReference; lastKnownFileType = sourcecode.swift; path = VariableType.swift; sourceTree = "<group>"; };
		FC4635102B0C988000B8DCBE /* VariableValueError.swift */ = {isa = PBXFileReference; lastKnownFileType = sourcecode.swift; path = VariableValueError.swift; sourceTree = "<group>"; };
		FC4635122B0C989000B8DCBE /* VariableValue+EditView.swift */ = {isa = PBXFileReference; lastKnownFileType = sourcecode.swift; path = "VariableValue+EditView.swift"; sourceTree = "<group>"; };
		FC4635142B0C98A300B8DCBE /* Int+VariableValue.swift */ = {isa = PBXFileReference; lastKnownFileType = sourcecode.swift; path = "Int+VariableValue.swift"; sourceTree = "<group>"; };
		FC4635162B0C98C000B8DCBE /* Variable+VariableValue.swift */ = {isa = PBXFileReference; lastKnownFileType = sourcecode.swift; path = "Variable+VariableValue.swift"; sourceTree = "<group>"; };
		FC4635182B0C98EE00B8DCBE /* Value.swift */ = {isa = PBXFileReference; lastKnownFileType = sourcecode.swift; path = Value.swift; sourceTree = "<group>"; };
		FC46351B2B0C993600B8DCBE /* SetVarStep.swift */ = {isa = PBXFileReference; lastKnownFileType = sourcecode.swift; path = SetVarStep.swift; sourceTree = "<group>"; };
		FC46351D2B0C997700B8DCBE /* AddToVarStep.swift */ = {isa = PBXFileReference; lastKnownFileType = sourcecode.swift; path = AddToVarStep.swift; sourceTree = "<group>"; };
		FC46351F2B0C998B00B8DCBE /* PrintVarStep.swift */ = {isa = PBXFileReference; lastKnownFileType = sourcecode.swift; path = PrintVarStep.swift; sourceTree = "<group>"; };
		FC4C15C02B0C96E60010BB1A /* ActionValue.swift */ = {isa = PBXFileReference; lastKnownFileType = sourcecode.swift; path = ActionValue.swift; sourceTree = "<group>"; };
		FC4C15C22B0C97020010BB1A /* ViewEditable.swift */ = {isa = PBXFileReference; lastKnownFileType = sourcecode.swift; path = ViewEditable.swift; sourceTree = "<group>"; };
		FC4C15C62B0C97390010BB1A /* ViewEditable+Constructor.swift */ = {isa = PBXFileReference; lastKnownFileType = sourcecode.swift; path = "ViewEditable+Constructor.swift"; sourceTree = "<group>"; };
		FC4C15C82B0C974E0010BB1A /* StepType.swift */ = {isa = PBXFileReference; lastKnownFileType = sourcecode.swift; path = StepType.swift; sourceTree = "<group>"; };
		FC4C15CA2B0C975F0010BB1A /* StepType+Run.swift */ = {isa = PBXFileReference; lastKnownFileType = sourcecode.swift; path = "StepType+Run.swift"; sourceTree = "<group>"; };
		FC4C15CC2B0C97700010BB1A /* StepError.swift */ = {isa = PBXFileReference; lastKnownFileType = sourcecode.swift; path = StepError.swift; sourceTree = "<group>"; };
		FC4C15CE2B0C97830010BB1A /* StepType+EditView.swift */ = {isa = PBXFileReference; lastKnownFileType = sourcecode.swift; path = "StepType+EditView.swift"; sourceTree = "<group>"; };
		FC4C15D02B0C97B20010BB1A /* Array_StepType+VariableValue.swift */ = {isa = PBXFileReference; lastKnownFileType = sourcecode.swift; path = "Array_StepType+VariableValue.swift"; sourceTree = "<group>"; };
		FC4C15D22B0C97CC0010BB1A /* SheetButton.swift */ = {isa = PBXFileReference; lastKnownFileType = sourcecode.swift; path = SheetButton.swift; sourceTree = "<group>"; };
		FC4C2C232B0C9B7F008217AC /* ArrayValue.swift */ = {isa = PBXFileReference; lastKnownFileType = sourcecode.swift; path = ArrayValue.swift; sourceTree = "<group>"; };
		FC4C2C262B0CA872008217AC /* ListEditView.swift */ = {isa = PBXFileReference; lastKnownFileType = sourcecode.swift; path = ListEditView.swift; sourceTree = "<group>"; };
		FC4C2C282B0CBCF1008217AC /* DecodeDictionaryStep.swift */ = {isa = PBXFileReference; lastKnownFileType = sourcecode.swift; path = DecodeDictionaryStep.swift; sourceTree = "<group>"; };
		FC4C2C2A2B0CBD01008217AC /* DictionaryValue.swift */ = {isa = PBXFileReference; lastKnownFileType = sourcecode.swift; path = DictionaryValue.swift; sourceTree = "<group>"; };
		FC4C2C2D2B0CBE76008217AC /* DictionaryEditView.swift */ = {isa = PBXFileReference; lastKnownFileType = sourcecode.swift; path = DictionaryEditView.swift; sourceTree = "<group>"; };
		FC4C2C2F2B0CCBE0008217AC /* DictionaryValueForKeyStep.swift */ = {isa = PBXFileReference; lastKnownFileType = sourcecode.swift; path = DictionaryValueForKeyStep.swift; sourceTree = "<group>"; };
		FC4C2C312B0CD657008217AC /* MakeableField.swift */ = {isa = PBXFileReference; lastKnownFileType = sourcecode.swift; path = MakeableField.swift; sourceTree = "<group>"; };
		FC9C41C82B12AC3300E51957 /* EditableVariableValue.swift */ = {isa = PBXFileReference; lastKnownFileType = sourcecode.swift; path = EditableVariableValue.swift; sourceTree = "<group>"; };
		FCD3B1E52B0B584B0054371B /* AppApp.app */ = {isa = PBXFileReference; explicitFileType = wrapper.application; includeInIndex = 0; path = AppApp.app; sourceTree = BUILT_PRODUCTS_DIR; };
		FCD3B1E82B0B584B0054371B /* AppAppApp.swift */ = {isa = PBXFileReference; lastKnownFileType = sourcecode.swift; path = AppAppApp.swift; sourceTree = "<group>"; };
		FCD3B1EC2B0B584D0054371B /* Assets.xcassets */ = {isa = PBXFileReference; lastKnownFileType = folder.assetcatalog; path = Assets.xcassets; sourceTree = "<group>"; };
		FCD3B1EE2B0B584D0054371B /* AppApp.entitlements */ = {isa = PBXFileReference; lastKnownFileType = text.plist.entitlements; path = AppApp.entitlements; sourceTree = "<group>"; };
		FCD3B1F02B0B584D0054371B /* Preview Assets.xcassets */ = {isa = PBXFileReference; lastKnownFileType = folder.assetcatalog; path = "Preview Assets.xcassets"; sourceTree = "<group>"; };
		FCD3B1F62B0B584E0054371B /* AppAppTests.xctest */ = {isa = PBXFileReference; explicitFileType = wrapper.cfbundle; includeInIndex = 0; path = AppAppTests.xctest; sourceTree = BUILT_PRODUCTS_DIR; };
		FCD3B1FA2B0B584E0054371B /* AppAppTests.swift */ = {isa = PBXFileReference; lastKnownFileType = sourcecode.swift; path = AppAppTests.swift; sourceTree = "<group>"; };
		FCD3B2002B0B584E0054371B /* AppAppUITests.xctest */ = {isa = PBXFileReference; explicitFileType = wrapper.cfbundle; includeInIndex = 0; path = AppAppUITests.xctest; sourceTree = BUILT_PRODUCTS_DIR; };
		FCD3B2042B0B584E0054371B /* AppAppUITests.swift */ = {isa = PBXFileReference; lastKnownFileType = sourcecode.swift; path = AppAppUITests.swift; sourceTree = "<group>"; };
		FCD3B2062B0B584E0054371B /* AppAppUITestsLaunchTests.swift */ = {isa = PBXFileReference; lastKnownFileType = sourcecode.swift; path = AppAppUITestsLaunchTests.swift; sourceTree = "<group>"; };
		FCD3B2132B0B62F40054371B /* VariableValue.swift */ = {isa = PBXFileReference; lastKnownFileType = sourcecode.swift; path = VariableValue.swift; sourceTree = "<group>"; };
		FCD3B2152B0B63010054371B /* Variables.swift */ = {isa = PBXFileReference; lastKnownFileType = sourcecode.swift; path = Variables.swift; sourceTree = "<group>"; };
		FCD3B2172B0B63110054371B /* Step.swift */ = {isa = PBXFileReference; lastKnownFileType = sourcecode.swift; path = Step.swift; sourceTree = "<group>"; };
		FCD3B21B2B0B639F0054371B /* StepButton.swift */ = {isa = PBXFileReference; lastKnownFileType = sourcecode.swift; path = StepButton.swift; sourceTree = "<group>"; };
		FCD3B2202B0B6FCB0054371B /* ViewMakerView.swift */ = {isa = PBXFileReference; lastKnownFileType = sourcecode.swift; path = ViewMakerView.swift; sourceTree = "<group>"; };
		FCD3B2222B0B77C50054371B /* AddViewView.swift */ = {isa = PBXFileReference; lastKnownFileType = sourcecode.swift; path = AddViewView.swift; sourceTree = "<group>"; };
		FCD3B2242B0B7C9F0054371B /* EditViewView.swift */ = {isa = PBXFileReference; lastKnownFileType = sourcecode.swift; path = EditViewView.swift; sourceTree = "<group>"; };
		FCD3B2272B0B9F650054371B /* AddViewViewModel.swift */ = {isa = PBXFileReference; lastKnownFileType = sourcecode.swift; path = AddViewViewModel.swift; sourceTree = "<group>"; };
		FCD3B2292B0B9F7C0054371B /* EditViewViewModel.swift */ = {isa = PBXFileReference; lastKnownFileType = sourcecode.swift; path = EditViewViewModel.swift; sourceTree = "<group>"; };
		FCD3B22C2B0B9FA70054371B /* MakeableButton.swift */ = {isa = PBXFileReference; lastKnownFileType = sourcecode.swift; path = MakeableButton.swift; sourceTree = "<group>"; };
		FCD3B22E2B0B9FBA0054371B /* MakeableLabel.swift */ = {isa = PBXFileReference; lastKnownFileType = sourcecode.swift; path = MakeableLabel.swift; sourceTree = "<group>"; };
		FCD3B2302B0B9FCB0054371B /* MakeableStack.swift */ = {isa = PBXFileReference; lastKnownFileType = sourcecode.swift; path = MakeableStack.swift; sourceTree = "<group>"; };
		FCD3B2322B0B9FE90054371B /* MakeableView.swift */ = {isa = PBXFileReference; lastKnownFileType = sourcecode.swift; path = MakeableView.swift; sourceTree = "<group>"; };
		FCD3B2342B0B9FF90054371B /* ViewProperty.swift */ = {isa = PBXFileReference; lastKnownFileType = sourcecode.swift; path = ViewProperty.swift; sourceTree = "<group>"; };
		FCD3B2372B0BA01D0054371B /* ViewMakerViewModel.swift */ = {isa = PBXFileReference; lastKnownFileType = sourcecode.swift; path = ViewMakerViewModel.swift; sourceTree = "<group>"; };
		FCD3B23A2B0BA8580054371B /* ActionListView.swift */ = {isa = PBXFileReference; lastKnownFileType = sourcecode.swift; path = ActionListView.swift; sourceTree = "<group>"; };
		FCD3B23C2B0BB2020054371B /* String+VariableValue.swift */ = {isa = PBXFileReference; lastKnownFileType = sourcecode.swift; path = "String+VariableValue.swift"; sourceTree = "<group>"; };
		FCD3B23E2B0BB31F0054371B /* AddActionView.swift */ = {isa = PBXFileReference; lastKnownFileType = sourcecode.swift; path = AddActionView.swift; sourceTree = "<group>"; };
		FCD3B2412B0BB3360054371B /* Int+Identifiable.swift */ = {isa = PBXFileReference; lastKnownFileType = sourcecode.swift; path = "Int+Identifiable.swift"; sourceTree = "<group>"; };
		FCD3B2432B0C31C40054371B /* ValueStep.swift */ = {isa = PBXFileReference; lastKnownFileType = sourcecode.swift; path = ValueStep.swift; sourceTree = "<group>"; };
		FCD3B2452B0C50090054371B /* VHStack.swift */ = {isa = PBXFileReference; lastKnownFileType = sourcecode.swift; path = VHStack.swift; sourceTree = "<group>"; };
		FCD3B2482B0C69070054371B /* EditVariableView.swift */ = {isa = PBXFileReference; lastKnownFileType = sourcecode.swift; path = EditVariableView.swift; sourceTree = "<group>"; };
		FCD3B24A2B0C948C0054371B /* Array+Safe.swift */ = {isa = PBXFileReference; lastKnownFileType = sourcecode.swift; path = "Array+Safe.swift"; sourceTree = "<group>"; };
		FCD3B24C2B0C94A10054371B /* Array+Ing.swift */ = {isa = PBXFileReference; lastKnownFileType = sourcecode.swift; path = "Array+Ing.swift"; sourceTree = "<group>"; };
		FCD3B24E2B0C94C10054371B /* Screen.swift */ = {isa = PBXFileReference; lastKnownFileType = sourcecode.swift; path = Screen.swift; sourceTree = "<group>"; };
		FCD3B2502B0C94E80054371B /* MakeableView+Prototype.swift */ = {isa = PBXFileReference; lastKnownFileType = sourcecode.swift; path = "MakeableView+Prototype.swift"; sourceTree = "<group>"; };
		FCD3B2522B0C95360054371B /* MakableView+MakeableConstructor.swift */ = {isa = PBXFileReference; lastKnownFileType = sourcecode.swift; path = "MakableView+MakeableConstructor.swift"; sourceTree = "<group>"; };
		FCD3B2542B0C956E0054371B /* MakeableView+EditView.swift */ = {isa = PBXFileReference; lastKnownFileType = sourcecode.swift; path = "MakeableView+EditView.swift"; sourceTree = "<group>"; };
		FCD3B2562B0C95B30054371B /* View+OnEdit.swift */ = {isa = PBXFileReference; lastKnownFileType = sourcecode.swift; path = "View+OnEdit.swift"; sourceTree = "<group>"; };
		FCD3B25A2B0C96170054371B /* DoView.swift */ = {isa = PBXFileReference; lastKnownFileType = sourcecode.swift; path = DoView.swift; sourceTree = "<group>"; };
		FCD3B25C2B0C964D0054371B /* ViewContructor.swift */ = {isa = PBXFileReference; lastKnownFileType = sourcecode.swift; path = ViewContructor.swift; sourceTree = "<group>"; };
		FCD3B25E2B0C96790054371B /* MakeableConstructor.swift */ = {isa = PBXFileReference; lastKnownFileType = sourcecode.swift; path = MakeableConstructor.swift; sourceTree = "<group>"; };
		FCD3B2602B0C96890054371B /* EditableViewConstructor.swift */ = {isa = PBXFileReference; lastKnownFileType = sourcecode.swift; path = EditableViewConstructor.swift; sourceTree = "<group>"; };
		FCE36F4B2B0D752200E247D8 /* ScreenListView.swift */ = {isa = PBXFileReference; lastKnownFileType = sourcecode.swift; path = ScreenListView.swift; sourceTree = "<group>"; };
/* End PBXFileReference section */

/* Begin PBXFrameworksBuildPhase section */
		FCD3B1E22B0B584B0054371B /* Frameworks */ = {
			isa = PBXFrameworksBuildPhase;
			buildActionMask = 2147483647;
			files = (
				FCD3B21F2B0B67060054371B /* DylKit in Frameworks */,
			);
			runOnlyForDeploymentPostprocessing = 0;
		};
		FCD3B1F32B0B584E0054371B /* Frameworks */ = {
			isa = PBXFrameworksBuildPhase;
			buildActionMask = 2147483647;
			files = (
			);
			runOnlyForDeploymentPostprocessing = 0;
		};
		FCD3B1FD2B0B584E0054371B /* Frameworks */ = {
			isa = PBXFrameworksBuildPhase;
			buildActionMask = 2147483647;
			files = (
			);
			runOnlyForDeploymentPostprocessing = 0;
		};
/* End PBXFrameworksBuildPhase section */

/* Begin PBXGroup section */
		FC2B8A872B108F2E003FAB86 /* Codable */ = {
			isa = PBXGroup;
			children = (
				FC2B8A882B108F3F003FAB86 /* CodableMakeableList.swift */,
				FC2B8A942B108FC0003FAB86 /* CodableTypeString.swift */,
				FC2B8A8A2B108F6B003FAB86 /* CodableVariableValue.swift */,
				FC2B8A8C2B108F7C003FAB86 /* CodableVariableList.swift */,
				FC2B8A8E2B108F90003FAB86 /* CodableVariableDictionary.swift */,
			);
			path = Codable;
			sourceTree = "<group>";
		};
		FC4635082B0C981600B8DCBE /* Value Steps */ = {
			isa = PBXGroup;
			children = (
				FCD3B2432B0C31C40054371B /* ValueStep.swift */,
				FC4635092B0C982E00B8DCBE /* VariableStep.swift */,
				FC4635062B0C980A00B8DCBE /* StaticValueStep.swift */,
				FC46350B2B0C983D00B8DCBE /* APIValueStep.swift */,
				FC4C2C282B0CBCF1008217AC /* DecodeDictionaryStep.swift */,
				FC2B8A9A2B109C3C003FAB86 /* ArrayValueStep.swift */,
				FC4C2C2F2B0CCBE0008217AC /* DictionaryValueForKeyStep.swift */,
			);
			path = "Value Steps";
			sourceTree = "<group>";
		};
		FC46350D2B0C985E00B8DCBE /* Values */ = {
			isa = PBXGroup;
			children = (
				FCD3B2152B0B63010054371B /* Variables.swift */,
				FC9C41C82B12AC3300E51957 /* EditableVariableValue.swift */,
				FCD3B2132B0B62F40054371B /* VariableValue.swift */,
				FC4635102B0C988000B8DCBE /* VariableValueError.swift */,
				FC4635232B0C9ACD00B8DCBE /* Implementations */,
			);
			path = Values;
			sourceTree = "<group>";
		};
		FC46351A2B0C992000B8DCBE /* Void Steps */ = {
			isa = PBXGroup;
			children = (
				FC46351B2B0C993600B8DCBE /* SetVarStep.swift */,
				FC46351D2B0C997700B8DCBE /* AddToVarStep.swift */,
				FC46351F2B0C998B00B8DCBE /* PrintVarStep.swift */,
			);
			path = "Void Steps";
			sourceTree = "<group>";
		};
		FC4635212B0C99CF00B8DCBE /* Makeable View */ = {
			isa = PBXGroup;
			children = (
				FCD3B2322B0B9FE90054371B /* MakeableView.swift */,
				FCD3B2522B0C95360054371B /* MakableView+MakeableConstructor.swift */,
				FCD3B2502B0C94E80054371B /* MakeableView+Prototype.swift */,
				FCD3B2542B0C956E0054371B /* MakeableView+EditView.swift */,
				FC2B8A982B109038003FAB86 /* MakeableArray.swift */,
			);
			path = "Makeable View";
			sourceTree = "<group>";
		};
		FC4635222B0C9A3200B8DCBE /* UI Elements */ = {
			isa = PBXGroup;
			children = (
				FC4635212B0C99CF00B8DCBE /* Makeable View */,
				FCD3B2302B0B9FCB0054371B /* MakeableStack.swift */,
				FC2B8A832B1020B4003FAB86 /* MakeableWrapperView.swift */,
				FCD3B22E2B0B9FBA0054371B /* MakeableLabel.swift */,
				FCD3B22C2B0B9FA70054371B /* MakeableButton.swift */,
				FC4C2C312B0CD657008217AC /* MakeableField.swift */,
			);
			path = "UI Elements";
			sourceTree = "<group>";
		};
		FC4635232B0C9ACD00B8DCBE /* Implementations */ = {
			isa = PBXGroup;
			children = (
				FC4635182B0C98EE00B8DCBE /* Value.swift */,
				FC2B8A9C2B10A2CA003FAB86 /* FontWeightValue.swift */,
				FC2B8A852B103DF6003FAB86 /* TemporaryValue.swift */,
				FC4C15C02B0C96E60010BB1A /* ActionValue.swift */,
				FC4C2C232B0C9B7F008217AC /* ArrayValue.swift */,
				FC4C2C2A2B0CBD01008217AC /* DictionaryValue.swift */,
				FC4635162B0C98C000B8DCBE /* Variable+VariableValue.swift */,
				FC4635142B0C98A300B8DCBE /* Int+VariableValue.swift */,
				FC2B8AA02B10AE12003FAB86 /* Bool+VariableValue.swift */,
				FCD3B23C2B0BB2020054371B /* String+VariableValue.swift */,
				FC46350E2B0C987100B8DCBE /* VariableType.swift */,
			);
			path = Implementations;
			sourceTree = "<group>";
		};
		FC4635242B0C9B0900B8DCBE /* Screens */ = {
			isa = PBXGroup;
			children = (
				FCE36F4A2B0D751800E247D8 /* Screen List */,
				FC4C2C2C2B0CBE5E008217AC /* Dictionary Edit */,
				FC4C2C252B0CA869008217AC /* List Edit */,
				FCD3B2472B0C68D50054371B /* Edit Variable */,
				FCD3B2392B0BA8440054371B /* Action List */,
				FCD3B2362B0BA0010054371B /* View Maker */,
				FCD3B2262B0B9F510054371B /* Add View */,
				FCD3B22B2B0B9F840054371B /* Edit View */,
			);
			path = Screens;
			sourceTree = "<group>";
		};
		FC4C15C42B0C970C0010BB1A /* Editing */ = {
			isa = PBXGroup;
			children = (
				FCD3B2342B0B9FF90054371B /* ViewProperty.swift */,
				FC4C15C22B0C97020010BB1A /* ViewEditable.swift */,
				FC4C15CE2B0C97830010BB1A /* StepType+EditView.swift */,
				FC4635122B0C989000B8DCBE /* VariableValue+EditView.swift */,
			);
			path = Editing;
			sourceTree = "<group>";
		};
		FC4C15C52B0C97150010BB1A /* View Creation */ = {
			isa = PBXGroup;
			children = (
				FC4635222B0C9A3200B8DCBE /* UI Elements */,
				FCD3B2622B0C96980054371B /* View Constructor */,
				FC4C15C42B0C970C0010BB1A /* Editing */,
			);
			path = "View Creation";
			sourceTree = "<group>";
		};
		FC4C15D42B0C97DA0010BB1A /* Steps */ = {
			isa = PBXGroup;
			children = (
				FCD3B2172B0B63110054371B /* Step.swift */,
				FC2B8A962B10900C003FAB86 /* StepArray.swift */,
				FC4C15CC2B0C97700010BB1A /* StepError.swift */,
				FC4C15C82B0C974E0010BB1A /* StepType.swift */,
				FC4C15CA2B0C975F0010BB1A /* StepType+Run.swift */,
				FC4C15D02B0C97B20010BB1A /* Array_StepType+VariableValue.swift */,
				FC46351A2B0C992000B8DCBE /* Void Steps */,
				FC4635082B0C981600B8DCBE /* Value Steps */,
			);
			path = Steps;
			sourceTree = "<group>";
		};
		FC4C2C252B0CA869008217AC /* List Edit */ = {
			isa = PBXGroup;
			children = (
				FC4C2C262B0CA872008217AC /* ListEditView.swift */,
			);
			path = "List Edit";
			sourceTree = "<group>";
		};
		FC4C2C2C2B0CBE5E008217AC /* Dictionary Edit */ = {
			isa = PBXGroup;
			children = (
				FC4C2C2D2B0CBE76008217AC /* DictionaryEditView.swift */,
			);
			path = "Dictionary Edit";
			sourceTree = "<group>";
		};
		FCD3B1DC2B0B584B0054371B = {
			isa = PBXGroup;
			children = (
				FC2B8A922B108FAE003FAB86 /* CodableStepList.swift */,
				FC2B8A902B108FA0003FAB86 /* CodableStep.swift */,
				FCD3B1E72B0B584B0054371B /* AppApp */,
				FCD3B1F92B0B584E0054371B /* AppAppTests */,
				FCD3B2032B0B584E0054371B /* AppAppUITests */,
				FCD3B1E62B0B584B0054371B /* Products */,
			);
			sourceTree = "<group>";
		};
		FCD3B1E62B0B584B0054371B /* Products */ = {
			isa = PBXGroup;
			children = (
				FCD3B1E52B0B584B0054371B /* AppApp.app */,
				FCD3B1F62B0B584E0054371B /* AppAppTests.xctest */,
				FCD3B2002B0B584E0054371B /* AppAppUITests.xctest */,
			);
			name = Products;
			sourceTree = "<group>";
		};
		FCD3B1E72B0B584B0054371B /* AppApp */ = {
			isa = PBXGroup;
			children = (
				FCD3B1E82B0B584B0054371B /* AppAppApp.swift */,
				FCD3B24E2B0C94C10054371B /* Screen.swift */,
				FC4635242B0C9B0900B8DCBE /* Screens */,
				FC4C15D42B0C97DA0010BB1A /* Steps */,
				FC4C15C52B0C97150010BB1A /* View Creation */,
				FC46350D2B0C985E00B8DCBE /* Values */,
				FCD3B2582B0C960D0054371B /* Helpers */,
				FCD3B1EC2B0B584D0054371B /* Assets.xcassets */,
				FCD3B1EE2B0B584D0054371B /* AppApp.entitlements */,
				FCD3B1EF2B0B584D0054371B /* Preview Content */,
			);
			path = AppApp;
			sourceTree = "<group>";
		};
		FCD3B1EF2B0B584D0054371B /* Preview Content */ = {
			isa = PBXGroup;
			children = (
				FCD3B1F02B0B584D0054371B /* Preview Assets.xcassets */,
			);
			path = "Preview Content";
			sourceTree = "<group>";
		};
		FCD3B1F92B0B584E0054371B /* AppAppTests */ = {
			isa = PBXGroup;
			children = (
				FCD3B1FA2B0B584E0054371B /* AppAppTests.swift */,
			);
			path = AppAppTests;
			sourceTree = "<group>";
		};
		FCD3B2032B0B584E0054371B /* AppAppUITests */ = {
			isa = PBXGroup;
			children = (
				FCD3B2042B0B584E0054371B /* AppAppUITests.swift */,
				FCD3B2062B0B584E0054371B /* AppAppUITestsLaunchTests.swift */,
			);
			path = AppAppUITests;
			sourceTree = "<group>";
		};
		FCD3B2262B0B9F510054371B /* Add View */ = {
			isa = PBXGroup;
			children = (
				FCD3B2222B0B77C50054371B /* AddViewView.swift */,
				FCD3B2272B0B9F650054371B /* AddViewViewModel.swift */,
			);
			path = "Add View";
			sourceTree = "<group>";
		};
		FCD3B22B2B0B9F840054371B /* Edit View */ = {
			isa = PBXGroup;
			children = (
				FCD3B2242B0B7C9F0054371B /* EditViewView.swift */,
				FCD3B2292B0B9F7C0054371B /* EditViewViewModel.swift */,
			);
			path = "Edit View";
			sourceTree = "<group>";
		};
		FCD3B2362B0BA0010054371B /* View Maker */ = {
			isa = PBXGroup;
			children = (
				FCD3B2202B0B6FCB0054371B /* ViewMakerView.swift */,
				FCD3B2372B0BA01D0054371B /* ViewMakerViewModel.swift */,
			);
			path = "View Maker";
			sourceTree = "<group>";
		};
		FCD3B2392B0BA8440054371B /* Action List */ = {
			isa = PBXGroup;
			children = (
				FCD3B23A2B0BA8580054371B /* ActionListView.swift */,
				FCD3B23E2B0BB31F0054371B /* AddActionView.swift */,
			);
			path = "Action List";
			sourceTree = "<group>";
		};
		FCD3B2402B0BB32E0054371B /* Extensions */ = {
			isa = PBXGroup;
			children = (
				FCD3B2562B0C95B30054371B /* View+OnEdit.swift */,
				FC2B8A9E2B10ACD5003FAB86 /* Binding+Nil.swift */,
				FCD3B2412B0BB3360054371B /* Int+Identifiable.swift */,
				FCD3B24A2B0C948C0054371B /* Array+Safe.swift */,
				FCD3B24C2B0C94A10054371B /* Array+Ing.swift */,
			);
			path = Extensions;
			sourceTree = "<group>";
		};
		FCD3B2472B0C68D50054371B /* Edit Variable */ = {
			isa = PBXGroup;
			children = (
				FCD3B2482B0C69070054371B /* EditVariableView.swift */,
			);
			path = "Edit Variable";
			sourceTree = "<group>";
		};
		FCD3B2582B0C960D0054371B /* Helpers */ = {
			isa = PBXGroup;
			children = (
				FC2B8A872B108F2E003FAB86 /* Codable */,
				FCD3B2402B0BB32E0054371B /* Extensions */,
				FCD3B2592B0C96110054371B /* Views */,
			);
			path = Helpers;
			sourceTree = "<group>";
		};
		FCD3B2592B0C96110054371B /* Views */ = {
			isa = PBXGroup;
			children = (
				FCD3B2452B0C50090054371B /* VHStack.swift */,
				FCD3B25A2B0C96170054371B /* DoView.swift */,
				FC4C15D22B0C97CC0010BB1A /* SheetButton.swift */,
				FCD3B21B2B0B639F0054371B /* StepButton.swift */,
			);
			path = Views;
			sourceTree = "<group>";
		};
		FCD3B2622B0C96980054371B /* View Constructor */ = {
			isa = PBXGroup;
			children = (
				FCD3B2602B0C96890054371B /* EditableViewConstructor.swift */,
				FCD3B25E2B0C96790054371B /* MakeableConstructor.swift */,
				FCD3B25C2B0C964D0054371B /* ViewContructor.swift */,
				FC4C15C62B0C97390010BB1A /* ViewEditable+Constructor.swift */,
			);
			path = "View Constructor";
			sourceTree = "<group>";
		};
		FCE36F4A2B0D751800E247D8 /* Screen List */ = {
			isa = PBXGroup;
			children = (
				FCE36F4B2B0D752200E247D8 /* ScreenListView.swift */,
			);
			path = "Screen List";
			sourceTree = "<group>";
		};
/* End PBXGroup section */

/* Begin PBXNativeTarget section */
		FCD3B1E42B0B584B0054371B /* AppApp */ = {
			isa = PBXNativeTarget;
			buildConfigurationList = FCD3B20A2B0B584E0054371B /* Build configuration list for PBXNativeTarget "AppApp" */;
			buildPhases = (
				FCD3B1E12B0B584B0054371B /* Sources */,
				FCD3B1E22B0B584B0054371B /* Frameworks */,
				FCD3B1E32B0B584B0054371B /* Resources */,
			);
			buildRules = (
			);
			dependencies = (
			);
			name = AppApp;
			packageProductDependencies = (
				FCD3B21E2B0B67060054371B /* DylKit */,
			);
			productName = AppApp;
			productReference = FCD3B1E52B0B584B0054371B /* AppApp.app */;
			productType = "com.apple.product-type.application";
		};
		FCD3B1F52B0B584E0054371B /* AppAppTests */ = {
			isa = PBXNativeTarget;
			buildConfigurationList = FCD3B20D2B0B584E0054371B /* Build configuration list for PBXNativeTarget "AppAppTests" */;
			buildPhases = (
				FCD3B1F22B0B584E0054371B /* Sources */,
				FCD3B1F32B0B584E0054371B /* Frameworks */,
				FCD3B1F42B0B584E0054371B /* Resources */,
			);
			buildRules = (
			);
			dependencies = (
				FCD3B1F82B0B584E0054371B /* PBXTargetDependency */,
			);
			name = AppAppTests;
			productName = AppAppTests;
			productReference = FCD3B1F62B0B584E0054371B /* AppAppTests.xctest */;
			productType = "com.apple.product-type.bundle.unit-test";
		};
		FCD3B1FF2B0B584E0054371B /* AppAppUITests */ = {
			isa = PBXNativeTarget;
			buildConfigurationList = FCD3B2102B0B584E0054371B /* Build configuration list for PBXNativeTarget "AppAppUITests" */;
			buildPhases = (
				FCD3B1FC2B0B584E0054371B /* Sources */,
				FCD3B1FD2B0B584E0054371B /* Frameworks */,
				FCD3B1FE2B0B584E0054371B /* Resources */,
			);
			buildRules = (
			);
			dependencies = (
				FCD3B2022B0B584E0054371B /* PBXTargetDependency */,
			);
			name = AppAppUITests;
			productName = AppAppUITests;
			productReference = FCD3B2002B0B584E0054371B /* AppAppUITests.xctest */;
			productType = "com.apple.product-type.bundle.ui-testing";
		};
/* End PBXNativeTarget section */

/* Begin PBXProject section */
		FCD3B1DD2B0B584B0054371B /* Project object */ = {
			isa = PBXProject;
			attributes = {
				BuildIndependentTargetsInParallel = 1;
				LastSwiftUpdateCheck = 1500;
				LastUpgradeCheck = 1500;
				TargetAttributes = {
					FCD3B1E42B0B584B0054371B = {
						CreatedOnToolsVersion = 15.0.1;
					};
					FCD3B1F52B0B584E0054371B = {
						CreatedOnToolsVersion = 15.0.1;
						TestTargetID = FCD3B1E42B0B584B0054371B;
					};
					FCD3B1FF2B0B584E0054371B = {
						CreatedOnToolsVersion = 15.0.1;
						TestTargetID = FCD3B1E42B0B584B0054371B;
					};
				};
			};
			buildConfigurationList = FCD3B1E02B0B584B0054371B /* Build configuration list for PBXProject "AppApp" */;
			compatibilityVersion = "Xcode 14.0";
			developmentRegion = en;
			hasScannedForEncodings = 0;
			knownRegions = (
				en,
				Base,
			);
			mainGroup = FCD3B1DC2B0B584B0054371B;
			packageReferences = (
				FCD3B21D2B0B67060054371B /* XCLocalSwiftPackageReference "../DylKit" */,
			);
			productRefGroup = FCD3B1E62B0B584B0054371B /* Products */;
			projectDirPath = "";
			projectRoot = "";
			targets = (
				FCD3B1E42B0B584B0054371B /* AppApp */,
				FCD3B1F52B0B584E0054371B /* AppAppTests */,
				FCD3B1FF2B0B584E0054371B /* AppAppUITests */,
			);
		};
/* End PBXProject section */

/* Begin PBXResourcesBuildPhase section */
		FCD3B1E32B0B584B0054371B /* Resources */ = {
			isa = PBXResourcesBuildPhase;
			buildActionMask = 2147483647;
			files = (
				FCD3B1F12B0B584D0054371B /* Preview Assets.xcassets in Resources */,
				FCD3B1ED2B0B584D0054371B /* Assets.xcassets in Resources */,
			);
			runOnlyForDeploymentPostprocessing = 0;
		};
		FCD3B1F42B0B584E0054371B /* Resources */ = {
			isa = PBXResourcesBuildPhase;
			buildActionMask = 2147483647;
			files = (
			);
			runOnlyForDeploymentPostprocessing = 0;
		};
		FCD3B1FE2B0B584E0054371B /* Resources */ = {
			isa = PBXResourcesBuildPhase;
			buildActionMask = 2147483647;
			files = (
			);
			runOnlyForDeploymentPostprocessing = 0;
		};
/* End PBXResourcesBuildPhase section */

/* Begin PBXSourcesBuildPhase section */
		FCD3B1E12B0B584B0054371B /* Sources */ = {
			isa = PBXSourcesBuildPhase;
			buildActionMask = 2147483647;
			files = (
				FC2B8A912B108FA0003FAB86 /* CodableStep.swift in Sources */,
				FCD3B2492B0C69070054371B /* EditVariableView.swift in Sources */,
				FCD3B25B2B0C96170054371B /* DoView.swift in Sources */,
				FC2B8A842B1020B4003FAB86 /* MakeableWrapperView.swift in Sources */,
				FCD3B21C2B0B639F0054371B /* StepButton.swift in Sources */,
				FCD3B2612B0C96890054371B /* EditableViewConstructor.swift in Sources */,
				FCD3B2232B0B77C50054371B /* AddViewView.swift in Sources */,
				FC4635192B0C98EE00B8DCBE /* Value.swift in Sources */,
				FCD3B23D2B0BB2020054371B /* String+VariableValue.swift in Sources */,
				FCD3B24B2B0C948C0054371B /* Array+Safe.swift in Sources */,
				FC4C15C92B0C974E0010BB1A /* StepType.swift in Sources */,
				FC2B8A8B2B108F6B003FAB86 /* CodableVariableValue.swift in Sources */,
				FC2B8A9D2B10A2CA003FAB86 /* FontWeightValue.swift in Sources */,
				FC4635112B0C988000B8DCBE /* VariableValueError.swift in Sources */,
				FC4C15CB2B0C975F0010BB1A /* StepType+Run.swift in Sources */,
				FCD3B2142B0B62F40054371B /* VariableValue.swift in Sources */,
				FCD3B2552B0C956E0054371B /* MakeableView+EditView.swift in Sources */,
				FCD3B2512B0C94E80054371B /* MakeableView+Prototype.swift in Sources */,
				FCD3B24F2B0C94C10054371B /* Screen.swift in Sources */,
				FCD3B25F2B0C96790054371B /* MakeableConstructor.swift in Sources */,
				FC2B8A992B109038003FAB86 /* MakeableArray.swift in Sources */,
				FC4C15D12B0C97B20010BB1A /* Array_StepType+VariableValue.swift in Sources */,
				FC2B8A9F2B10ACD5003FAB86 /* Binding+Nil.swift in Sources */,
				FC4635132B0C989000B8DCBE /* VariableValue+EditView.swift in Sources */,
				FC4C2C302B0CCBE0008217AC /* DictionaryValueForKeyStep.swift in Sources */,
				FC46350C2B0C983D00B8DCBE /* APIValueStep.swift in Sources */,
				FCD3B2182B0B63110054371B /* Step.swift in Sources */,
				FC2B8A892B108F3F003FAB86 /* CodableMakeableList.swift in Sources */,
				FCD3B2252B0B7C9F0054371B /* EditViewView.swift in Sources */,
				FCD3B2212B0B6FCB0054371B /* ViewMakerView.swift in Sources */,
				FCD3B22A2B0B9F7D0054371B /* EditViewViewModel.swift in Sources */,
				FCD3B2312B0B9FCB0054371B /* MakeableStack.swift in Sources */,
				FC2B8A952B108FC0003FAB86 /* CodableTypeString.swift in Sources */,
				FC4635202B0C998B00B8DCBE /* PrintVarStep.swift in Sources */,
				FCD3B2532B0C95360054371B /* MakableView+MakeableConstructor.swift in Sources */,
				FC4C2C2B2B0CBD01008217AC /* DictionaryValue.swift in Sources */,
				FC4635072B0C980A00B8DCBE /* StaticValueStep.swift in Sources */,
				FCD3B2332B0B9FE90054371B /* MakeableView.swift in Sources */,
				FCD3B24D2B0C94A10054371B /* Array+Ing.swift in Sources */,
				FC4C15D32B0C97CC0010BB1A /* SheetButton.swift in Sources */,
				FCD3B2462B0C50090054371B /* VHStack.swift in Sources */,
				FC4635152B0C98A300B8DCBE /* Int+VariableValue.swift in Sources */,
				FCD3B25D2B0C964D0054371B /* ViewContructor.swift in Sources */,
				FC4C15C32B0C97020010BB1A /* ViewEditable.swift in Sources */,
				FCD3B2282B0B9F650054371B /* AddViewViewModel.swift in Sources */,
				FC46351C2B0C993600B8DCBE /* SetVarStep.swift in Sources */,
				FC2B8A932B108FAE003FAB86 /* CodableStepList.swift in Sources */,
				FC4C2C322B0CD657008217AC /* MakeableField.swift in Sources */,
				FCD3B2572B0C95B30054371B /* View+OnEdit.swift in Sources */,
				FCD3B22F2B0B9FBA0054371B /* MakeableLabel.swift in Sources */,
				FCD3B23B2B0BA8580054371B /* ActionListView.swift in Sources */,
				FCD3B2422B0BB3360054371B /* Int+Identifiable.swift in Sources */,
				FC2B8A972B10900C003FAB86 /* StepArray.swift in Sources */,
				FC4C15CF2B0C97830010BB1A /* StepType+EditView.swift in Sources */,
				FC4C2C292B0CBCF1008217AC /* DecodeDictionaryStep.swift in Sources */,
				FCD3B23F2B0BB31F0054371B /* AddActionView.swift in Sources */,
				FC2B8A9B2B109C3C003FAB86 /* ArrayValueStep.swift in Sources */,
				FC46350F2B0C987100B8DCBE /* VariableType.swift in Sources */,
				FCD3B22D2B0B9FA70054371B /* MakeableButton.swift in Sources */,
				FC4C2C2E2B0CBE76008217AC /* DictionaryEditView.swift in Sources */,
				FC4C15C12B0C96E60010BB1A /* ActionValue.swift in Sources */,
				FC4635172B0C98C000B8DCBE /* Variable+VariableValue.swift in Sources */,
				FCD3B2382B0BA01D0054371B /* ViewMakerViewModel.swift in Sources */,
				FC2B8A8F2B108F90003FAB86 /* CodableVariableDictionary.swift in Sources */,
				FC4C2C242B0C9B7F008217AC /* ArrayValue.swift in Sources */,
				FC2B8A8D2B108F7C003FAB86 /* CodableVariableList.swift in Sources */,
				FCD3B1E92B0B584B0054371B /* AppAppApp.swift in Sources */,
				FCE36F4C2B0D752200E247D8 /* ScreenListView.swift in Sources */,
				FCD3B2162B0B63010054371B /* Variables.swift in Sources */,
				FC9C41C92B12AC3300E51957 /* EditableVariableValue.swift in Sources */,
				FC4C15CD2B0C97700010BB1A /* StepError.swift in Sources */,
				FC4C15C72B0C97390010BB1A /* ViewEditable+Constructor.swift in Sources */,
				FC2B8A862B103DF6003FAB86 /* TemporaryValue.swift in Sources */,
				FCD3B2442B0C31C40054371B /* ValueStep.swift in Sources */,
				FCD3B2352B0B9FF90054371B /* ViewProperty.swift in Sources */,
				FC4C2C272B0CA872008217AC /* ListEditView.swift in Sources */,
				FC46351E2B0C997700B8DCBE /* AddToVarStep.swift in Sources */,
				FC46350A2B0C982E00B8DCBE /* VariableStep.swift in Sources */,
				FC2B8AA12B10AE12003FAB86 /* Bool+VariableValue.swift in Sources */,
			);
			runOnlyForDeploymentPostprocessing = 0;
		};
		FCD3B1F22B0B584E0054371B /* Sources */ = {
			isa = PBXSourcesBuildPhase;
			buildActionMask = 2147483647;
			files = (
				FCD3B1FB2B0B584E0054371B /* AppAppTests.swift in Sources */,
			);
			runOnlyForDeploymentPostprocessing = 0;
		};
		FCD3B1FC2B0B584E0054371B /* Sources */ = {
			isa = PBXSourcesBuildPhase;
			buildActionMask = 2147483647;
			files = (
				FCD3B2072B0B584E0054371B /* AppAppUITestsLaunchTests.swift in Sources */,
				FCD3B2052B0B584E0054371B /* AppAppUITests.swift in Sources */,
			);
			runOnlyForDeploymentPostprocessing = 0;
		};
/* End PBXSourcesBuildPhase section */

/* Begin PBXTargetDependency section */
		FCD3B1F82B0B584E0054371B /* PBXTargetDependency */ = {
			isa = PBXTargetDependency;
			target = FCD3B1E42B0B584B0054371B /* AppApp */;
			targetProxy = FCD3B1F72B0B584E0054371B /* PBXContainerItemProxy */;
		};
		FCD3B2022B0B584E0054371B /* PBXTargetDependency */ = {
			isa = PBXTargetDependency;
			target = FCD3B1E42B0B584B0054371B /* AppApp */;
			targetProxy = FCD3B2012B0B584E0054371B /* PBXContainerItemProxy */;
		};
/* End PBXTargetDependency section */

/* Begin XCBuildConfiguration section */
		FCD3B2082B0B584E0054371B /* Debug */ = {
			isa = XCBuildConfiguration;
			buildSettings = {
				ALWAYS_SEARCH_USER_PATHS = NO;
				ASSETCATALOG_COMPILER_GENERATE_SWIFT_ASSET_SYMBOL_EXTENSIONS = YES;
				CLANG_ANALYZER_NONNULL = YES;
				CLANG_ANALYZER_NUMBER_OBJECT_CONVERSION = YES_AGGRESSIVE;
				CLANG_CXX_LANGUAGE_STANDARD = "gnu++20";
				CLANG_ENABLE_MODULES = YES;
				CLANG_ENABLE_OBJC_ARC = YES;
				CLANG_ENABLE_OBJC_WEAK = YES;
				CLANG_WARN_BLOCK_CAPTURE_AUTORELEASING = YES;
				CLANG_WARN_BOOL_CONVERSION = YES;
				CLANG_WARN_COMMA = YES;
				CLANG_WARN_CONSTANT_CONVERSION = YES;
				CLANG_WARN_DEPRECATED_OBJC_IMPLEMENTATIONS = YES;
				CLANG_WARN_DIRECT_OBJC_ISA_USAGE = YES_ERROR;
				CLANG_WARN_DOCUMENTATION_COMMENTS = YES;
				CLANG_WARN_EMPTY_BODY = YES;
				CLANG_WARN_ENUM_CONVERSION = YES;
				CLANG_WARN_INFINITE_RECURSION = YES;
				CLANG_WARN_INT_CONVERSION = YES;
				CLANG_WARN_NON_LITERAL_NULL_CONVERSION = YES;
				CLANG_WARN_OBJC_IMPLICIT_RETAIN_SELF = YES;
				CLANG_WARN_OBJC_LITERAL_CONVERSION = YES;
				CLANG_WARN_OBJC_ROOT_CLASS = YES_ERROR;
				CLANG_WARN_QUOTED_INCLUDE_IN_FRAMEWORK_HEADER = YES;
				CLANG_WARN_RANGE_LOOP_ANALYSIS = YES;
				CLANG_WARN_STRICT_PROTOTYPES = YES;
				CLANG_WARN_SUSPICIOUS_MOVE = YES;
				CLANG_WARN_UNGUARDED_AVAILABILITY = YES_AGGRESSIVE;
				CLANG_WARN_UNREACHABLE_CODE = YES;
				CLANG_WARN__DUPLICATE_METHOD_MATCH = YES;
				COPY_PHASE_STRIP = NO;
				DEBUG_INFORMATION_FORMAT = dwarf;
				ENABLE_STRICT_OBJC_MSGSEND = YES;
				ENABLE_TESTABILITY = YES;
				ENABLE_USER_SCRIPT_SANDBOXING = YES;
				GCC_C_LANGUAGE_STANDARD = gnu17;
				GCC_DYNAMIC_NO_PIC = NO;
				GCC_NO_COMMON_BLOCKS = YES;
				GCC_OPTIMIZATION_LEVEL = 0;
				GCC_PREPROCESSOR_DEFINITIONS = (
					"DEBUG=1",
					"$(inherited)",
				);
				GCC_WARN_64_TO_32_BIT_CONVERSION = YES;
				GCC_WARN_ABOUT_RETURN_TYPE = YES_ERROR;
				GCC_WARN_UNDECLARED_SELECTOR = YES;
				GCC_WARN_UNINITIALIZED_AUTOS = YES_AGGRESSIVE;
				GCC_WARN_UNUSED_FUNCTION = YES;
				GCC_WARN_UNUSED_VARIABLE = YES;
				LOCALIZATION_PREFERS_STRING_CATALOGS = YES;
				MTL_ENABLE_DEBUG_INFO = INCLUDE_SOURCE;
				MTL_FAST_MATH = YES;
				ONLY_ACTIVE_ARCH = YES;
				SWIFT_ACTIVE_COMPILATION_CONDITIONS = "DEBUG $(inherited)";
				SWIFT_OPTIMIZATION_LEVEL = "-Onone";
			};
			name = Debug;
		};
		FCD3B2092B0B584E0054371B /* Release */ = {
			isa = XCBuildConfiguration;
			buildSettings = {
				ALWAYS_SEARCH_USER_PATHS = NO;
				ASSETCATALOG_COMPILER_GENERATE_SWIFT_ASSET_SYMBOL_EXTENSIONS = YES;
				CLANG_ANALYZER_NONNULL = YES;
				CLANG_ANALYZER_NUMBER_OBJECT_CONVERSION = YES_AGGRESSIVE;
				CLANG_CXX_LANGUAGE_STANDARD = "gnu++20";
				CLANG_ENABLE_MODULES = YES;
				CLANG_ENABLE_OBJC_ARC = YES;
				CLANG_ENABLE_OBJC_WEAK = YES;
				CLANG_WARN_BLOCK_CAPTURE_AUTORELEASING = YES;
				CLANG_WARN_BOOL_CONVERSION = YES;
				CLANG_WARN_COMMA = YES;
				CLANG_WARN_CONSTANT_CONVERSION = YES;
				CLANG_WARN_DEPRECATED_OBJC_IMPLEMENTATIONS = YES;
				CLANG_WARN_DIRECT_OBJC_ISA_USAGE = YES_ERROR;
				CLANG_WARN_DOCUMENTATION_COMMENTS = YES;
				CLANG_WARN_EMPTY_BODY = YES;
				CLANG_WARN_ENUM_CONVERSION = YES;
				CLANG_WARN_INFINITE_RECURSION = YES;
				CLANG_WARN_INT_CONVERSION = YES;
				CLANG_WARN_NON_LITERAL_NULL_CONVERSION = YES;
				CLANG_WARN_OBJC_IMPLICIT_RETAIN_SELF = YES;
				CLANG_WARN_OBJC_LITERAL_CONVERSION = YES;
				CLANG_WARN_OBJC_ROOT_CLASS = YES_ERROR;
				CLANG_WARN_QUOTED_INCLUDE_IN_FRAMEWORK_HEADER = YES;
				CLANG_WARN_RANGE_LOOP_ANALYSIS = YES;
				CLANG_WARN_STRICT_PROTOTYPES = YES;
				CLANG_WARN_SUSPICIOUS_MOVE = YES;
				CLANG_WARN_UNGUARDED_AVAILABILITY = YES_AGGRESSIVE;
				CLANG_WARN_UNREACHABLE_CODE = YES;
				CLANG_WARN__DUPLICATE_METHOD_MATCH = YES;
				COPY_PHASE_STRIP = NO;
				DEBUG_INFORMATION_FORMAT = "dwarf-with-dsym";
				ENABLE_NS_ASSERTIONS = NO;
				ENABLE_STRICT_OBJC_MSGSEND = YES;
				ENABLE_USER_SCRIPT_SANDBOXING = YES;
				GCC_C_LANGUAGE_STANDARD = gnu17;
				GCC_NO_COMMON_BLOCKS = YES;
				GCC_WARN_64_TO_32_BIT_CONVERSION = YES;
				GCC_WARN_ABOUT_RETURN_TYPE = YES_ERROR;
				GCC_WARN_UNDECLARED_SELECTOR = YES;
				GCC_WARN_UNINITIALIZED_AUTOS = YES_AGGRESSIVE;
				GCC_WARN_UNUSED_FUNCTION = YES;
				GCC_WARN_UNUSED_VARIABLE = YES;
				LOCALIZATION_PREFERS_STRING_CATALOGS = YES;
				MTL_ENABLE_DEBUG_INFO = NO;
				MTL_FAST_MATH = YES;
				SWIFT_COMPILATION_MODE = wholemodule;
			};
			name = Release;
		};
		FCD3B20B2B0B584E0054371B /* Debug */ = {
			isa = XCBuildConfiguration;
			buildSettings = {
				ASSETCATALOG_COMPILER_APPICON_NAME = AppIcon;
				ASSETCATALOG_COMPILER_GLOBAL_ACCENT_COLOR_NAME = AccentColor;
				CODE_SIGN_ENTITLEMENTS = AppApp/AppApp.entitlements;
				CODE_SIGN_STYLE = Automatic;
				CURRENT_PROJECT_VERSION = 1;
				DEVELOPMENT_ASSET_PATHS = "\"AppApp/Preview Content\"";
				DEVELOPMENT_TEAM = 6CW3378X23;
				ENABLE_HARDENED_RUNTIME = NO;
				ENABLE_PREVIEWS = YES;
				GENERATE_INFOPLIST_FILE = YES;
				"INFOPLIST_KEY_UIApplicationSceneManifest_Generation[sdk=iphoneos*]" = YES;
				"INFOPLIST_KEY_UIApplicationSceneManifest_Generation[sdk=iphonesimulator*]" = YES;
				"INFOPLIST_KEY_UIApplicationSupportsIndirectInputEvents[sdk=iphoneos*]" = YES;
				"INFOPLIST_KEY_UIApplicationSupportsIndirectInputEvents[sdk=iphonesimulator*]" = YES;
				"INFOPLIST_KEY_UILaunchScreen_Generation[sdk=iphoneos*]" = YES;
				"INFOPLIST_KEY_UILaunchScreen_Generation[sdk=iphonesimulator*]" = YES;
				"INFOPLIST_KEY_UIStatusBarStyle[sdk=iphoneos*]" = UIStatusBarStyleDefault;
				"INFOPLIST_KEY_UIStatusBarStyle[sdk=iphonesimulator*]" = UIStatusBarStyleDefault;
				INFOPLIST_KEY_UISupportedInterfaceOrientations_iPad = "UIInterfaceOrientationPortrait UIInterfaceOrientationPortraitUpsideDown UIInterfaceOrientationLandscapeLeft UIInterfaceOrientationLandscapeRight";
				INFOPLIST_KEY_UISupportedInterfaceOrientations_iPhone = "UIInterfaceOrientationPortrait UIInterfaceOrientationLandscapeLeft UIInterfaceOrientationLandscapeRight";
				IPHONEOS_DEPLOYMENT_TARGET = 15.6;
				LD_RUNPATH_SEARCH_PATHS = "@executable_path/Frameworks";
				"LD_RUNPATH_SEARCH_PATHS[sdk=macosx*]" = "@executable_path/../Frameworks";
				MACOSX_DEPLOYMENT_TARGET = 13.6;
				MARKETING_VERSION = 1.0;
				PRODUCT_BUNDLE_IDENTIFIER = com.dylan.AppApp;
				PRODUCT_NAME = "$(TARGET_NAME)";
				SDKROOT = auto;
				SUPPORTED_PLATFORMS = "iphoneos iphonesimulator macosx";
				SWIFT_EMIT_LOC_STRINGS = YES;
				SWIFT_VERSION = 5.0;
				TARGETED_DEVICE_FAMILY = "1,2";
			};
			name = Debug;
		};
		FCD3B20C2B0B584E0054371B /* Release */ = {
			isa = XCBuildConfiguration;
			buildSettings = {
				ASSETCATALOG_COMPILER_APPICON_NAME = AppIcon;
				ASSETCATALOG_COMPILER_GLOBAL_ACCENT_COLOR_NAME = AccentColor;
				CODE_SIGN_ENTITLEMENTS = AppApp/AppApp.entitlements;
				CODE_SIGN_STYLE = Automatic;
				CURRENT_PROJECT_VERSION = 1;
				DEVELOPMENT_ASSET_PATHS = "\"AppApp/Preview Content\"";
				DEVELOPMENT_TEAM = 6CW3378X23;
				ENABLE_HARDENED_RUNTIME = NO;
				ENABLE_PREVIEWS = YES;
				GENERATE_INFOPLIST_FILE = YES;
				"INFOPLIST_KEY_UIApplicationSceneManifest_Generation[sdk=iphoneos*]" = YES;
				"INFOPLIST_KEY_UIApplicationSceneManifest_Generation[sdk=iphonesimulator*]" = YES;
				"INFOPLIST_KEY_UIApplicationSupportsIndirectInputEvents[sdk=iphoneos*]" = YES;
				"INFOPLIST_KEY_UIApplicationSupportsIndirectInputEvents[sdk=iphonesimulator*]" = YES;
				"INFOPLIST_KEY_UILaunchScreen_Generation[sdk=iphoneos*]" = YES;
				"INFOPLIST_KEY_UILaunchScreen_Generation[sdk=iphonesimulator*]" = YES;
				"INFOPLIST_KEY_UIStatusBarStyle[sdk=iphoneos*]" = UIStatusBarStyleDefault;
				"INFOPLIST_KEY_UIStatusBarStyle[sdk=iphonesimulator*]" = UIStatusBarStyleDefault;
				INFOPLIST_KEY_UISupportedInterfaceOrientations_iPad = "UIInterfaceOrientationPortrait UIInterfaceOrientationPortraitUpsideDown UIInterfaceOrientationLandscapeLeft UIInterfaceOrientationLandscapeRight";
				INFOPLIST_KEY_UISupportedInterfaceOrientations_iPhone = "UIInterfaceOrientationPortrait UIInterfaceOrientationLandscapeLeft UIInterfaceOrientationLandscapeRight";
				IPHONEOS_DEPLOYMENT_TARGET = 15.6;
				LD_RUNPATH_SEARCH_PATHS = "@executable_path/Frameworks";
				"LD_RUNPATH_SEARCH_PATHS[sdk=macosx*]" = "@executable_path/../Frameworks";
				MACOSX_DEPLOYMENT_TARGET = 13.6;
				MARKETING_VERSION = 1.0;
				PRODUCT_BUNDLE_IDENTIFIER = com.dylan.AppApp;
				PRODUCT_NAME = "$(TARGET_NAME)";
				SDKROOT = auto;
				SUPPORTED_PLATFORMS = "iphoneos iphonesimulator macosx";
				SWIFT_EMIT_LOC_STRINGS = YES;
				SWIFT_VERSION = 5.0;
				TARGETED_DEVICE_FAMILY = "1,2";
			};
			name = Release;
		};
		FCD3B20E2B0B584E0054371B /* Debug */ = {
			isa = XCBuildConfiguration;
			buildSettings = {
				ALWAYS_EMBED_SWIFT_STANDARD_LIBRARIES = YES;
				BUNDLE_LOADER = "$(TEST_HOST)";
				CODE_SIGN_STYLE = Automatic;
				CURRENT_PROJECT_VERSION = 1;
				DEVELOPMENT_TEAM = 6CW3378X23;
				GENERATE_INFOPLIST_FILE = YES;
				IPHONEOS_DEPLOYMENT_TARGET = 17.0;
				MACOSX_DEPLOYMENT_TARGET = 13.6;
				MARKETING_VERSION = 1.0;
				PRODUCT_BUNDLE_IDENTIFIER = com.dylan.AppAppTests;
				PRODUCT_NAME = "$(TARGET_NAME)";
				SDKROOT = auto;
				SUPPORTED_PLATFORMS = "iphoneos iphonesimulator macosx";
				SWIFT_EMIT_LOC_STRINGS = NO;
				SWIFT_VERSION = 5.0;
				TARGETED_DEVICE_FAMILY = "1,2";
				TEST_HOST = "$(BUILT_PRODUCTS_DIR)/AppApp.app/$(BUNDLE_EXECUTABLE_FOLDER_PATH)/AppApp";
			};
			name = Debug;
		};
		FCD3B20F2B0B584E0054371B /* Release */ = {
			isa = XCBuildConfiguration;
			buildSettings = {
				ALWAYS_EMBED_SWIFT_STANDARD_LIBRARIES = YES;
				BUNDLE_LOADER = "$(TEST_HOST)";
				CODE_SIGN_STYLE = Automatic;
				CURRENT_PROJECT_VERSION = 1;
				DEVELOPMENT_TEAM = 6CW3378X23;
				GENERATE_INFOPLIST_FILE = YES;
				IPHONEOS_DEPLOYMENT_TARGET = 17.0;
				MACOSX_DEPLOYMENT_TARGET = 13.6;
				MARKETING_VERSION = 1.0;
				PRODUCT_BUNDLE_IDENTIFIER = com.dylan.AppAppTests;
				PRODUCT_NAME = "$(TARGET_NAME)";
				SDKROOT = auto;
				SUPPORTED_PLATFORMS = "iphoneos iphonesimulator macosx";
				SWIFT_EMIT_LOC_STRINGS = NO;
				SWIFT_VERSION = 5.0;
				TARGETED_DEVICE_FAMILY = "1,2";
				TEST_HOST = "$(BUILT_PRODUCTS_DIR)/AppApp.app/$(BUNDLE_EXECUTABLE_FOLDER_PATH)/AppApp";
			};
			name = Release;
		};
		FCD3B2112B0B584E0054371B /* Debug */ = {
			isa = XCBuildConfiguration;
			buildSettings = {
				ALWAYS_EMBED_SWIFT_STANDARD_LIBRARIES = YES;
				CODE_SIGN_STYLE = Automatic;
				CURRENT_PROJECT_VERSION = 1;
				DEVELOPMENT_TEAM = 6CW3378X23;
				GENERATE_INFOPLIST_FILE = YES;
				IPHONEOS_DEPLOYMENT_TARGET = 17.0;
				MACOSX_DEPLOYMENT_TARGET = 13.6;
				MARKETING_VERSION = 1.0;
				PRODUCT_BUNDLE_IDENTIFIER = com.dylan.AppAppUITests;
				PRODUCT_NAME = "$(TARGET_NAME)";
				SDKROOT = auto;
				SUPPORTED_PLATFORMS = "iphoneos iphonesimulator macosx";
				SWIFT_EMIT_LOC_STRINGS = NO;
				SWIFT_VERSION = 5.0;
				TARGETED_DEVICE_FAMILY = "1,2";
				TEST_TARGET_NAME = AppApp;
			};
			name = Debug;
		};
		FCD3B2122B0B584E0054371B /* Release */ = {
			isa = XCBuildConfiguration;
			buildSettings = {
				ALWAYS_EMBED_SWIFT_STANDARD_LIBRARIES = YES;
				CODE_SIGN_STYLE = Automatic;
				CURRENT_PROJECT_VERSION = 1;
				DEVELOPMENT_TEAM = 6CW3378X23;
				GENERATE_INFOPLIST_FILE = YES;
				IPHONEOS_DEPLOYMENT_TARGET = 17.0;
				MACOSX_DEPLOYMENT_TARGET = 13.6;
				MARKETING_VERSION = 1.0;
				PRODUCT_BUNDLE_IDENTIFIER = com.dylan.AppAppUITests;
				PRODUCT_NAME = "$(TARGET_NAME)";
				SDKROOT = auto;
				SUPPORTED_PLATFORMS = "iphoneos iphonesimulator macosx";
				SWIFT_EMIT_LOC_STRINGS = NO;
				SWIFT_VERSION = 5.0;
				TARGETED_DEVICE_FAMILY = "1,2";
				TEST_TARGET_NAME = AppApp;
			};
			name = Release;
		};
/* End XCBuildConfiguration section */

/* Begin XCConfigurationList section */
		FCD3B1E02B0B584B0054371B /* Build configuration list for PBXProject "AppApp" */ = {
			isa = XCConfigurationList;
			buildConfigurations = (
				FCD3B2082B0B584E0054371B /* Debug */,
				FCD3B2092B0B584E0054371B /* Release */,
			);
			defaultConfigurationIsVisible = 0;
			defaultConfigurationName = Release;
		};
		FCD3B20A2B0B584E0054371B /* Build configuration list for PBXNativeTarget "AppApp" */ = {
			isa = XCConfigurationList;
			buildConfigurations = (
				FCD3B20B2B0B584E0054371B /* Debug */,
				FCD3B20C2B0B584E0054371B /* Release */,
			);
			defaultConfigurationIsVisible = 0;
			defaultConfigurationName = Release;
		};
		FCD3B20D2B0B584E0054371B /* Build configuration list for PBXNativeTarget "AppAppTests" */ = {
			isa = XCConfigurationList;
			buildConfigurations = (
				FCD3B20E2B0B584E0054371B /* Debug */,
				FCD3B20F2B0B584E0054371B /* Release */,
			);
			defaultConfigurationIsVisible = 0;
			defaultConfigurationName = Release;
		};
		FCD3B2102B0B584E0054371B /* Build configuration list for PBXNativeTarget "AppAppUITests" */ = {
			isa = XCConfigurationList;
			buildConfigurations = (
				FCD3B2112B0B584E0054371B /* Debug */,
				FCD3B2122B0B584E0054371B /* Release */,
			);
			defaultConfigurationIsVisible = 0;
			defaultConfigurationName = Release;
		};
/* End XCConfigurationList section */

/* Begin XCLocalSwiftPackageReference section */
		FCD3B21D2B0B67060054371B /* XCLocalSwiftPackageReference "../DylKit" */ = {
			isa = XCLocalSwiftPackageReference;
			relativePath = ../DylKit;
		};
/* End XCLocalSwiftPackageReference section */

/* Begin XCSwiftPackageProductDependency section */
		FCD3B21E2B0B67060054371B /* DylKit */ = {
			isa = XCSwiftPackageProductDependency;
			productName = DylKit;
		};
/* End XCSwiftPackageProductDependency section */
	};
	rootObject = FCD3B1DD2B0B584B0054371B /* Project object */;
}
